version = 1
revision = 1
requires-python = ">=3.8"

[[package]]
name = "bus-antsirabe-api"
version = "0.1.0"
source = { virtual = "." }
dependencies = [
    { name = "oxhttp" },
]

[package.metadata]
requires-dist = [{ name = "oxhttp", specifier = "==0.2.1" }]

[[package]]
name = "oxhttp"
version = "0.2.1"
source = { registry = "https://pypi.org/simple" }
sdist = { url = "https://files.pythonhosted.org/packages/87/4a/3c1b69f0f5e5582a35e5c065f7d85f0b0eb5253b894cb3b9122fa4f82afa/oxhttp-0.2.1.tar.gz", hash = "sha256:fba918d3a51f992a88d9de13ba9bc467fda3df9f5ec8faee8e23faf1e26b1f40", size = 17769 }
wheels = [
    { url = "https://files.pythonhosted.org/packages/14/4b/7c0b889e50c8a60fc3db1ec0db34d4a75311b7db37c9d929941e39e08c71/oxhttp-0.2.1-cp310-cp310-manylinux_2_17_aarch64.manylinux2014_aarch64.whl", hash = "sha256:b8c8bbad6eae9cebce3f6a855de9092b291e27ffdf0d2f60e007cdb32f3f7ab2", size = 838551 },
    { url = "https://files.pythonhosted.org/packages/a6/b5/8497418e172d4e1ac6e24dbd28b9e0b30414118b740319eebb9a100c12ac/oxhttp-0.2.1-cp310-cp310-manylinux_2_17_armv7l.manylinux2014_armv7l.whl", hash = "sha256:7fde21b2fc0054ae81c7652878351998d5fee4abe5feccd0f98c87d1af8e01db", size = 829744 },
    { url = "https://files.pythonhosted.org/packages/04/c4/050e6ae0d2aa32080e85ca4172c4aa42822cf6103c31248b2e250c4fbbc8/oxhttp-0.2.1-cp310-cp310-manylinux_2_17_i686.manylinux2014_i686.whl", hash = "sha256:71b2e21b8a7c4c53e1dc0fbf8e760ef4a22abb271e71fd75d909c071a94fb7dc", size = 888692 },
    { url = "https://files.pythonhosted.org/packages/a0/89/8bc98a47b6994a0dcd65abb6db5c49edfb3a64380b10a8c3764908c7d1f1/oxhttp-0.2.1-cp310-cp310-manylinux_2_17_ppc64le.manylinux2014_ppc64le.whl", hash = "sha256:a6cba5a45b23e4bb625793ce7158527e35939c9799a81be66bb83db03045dfed", size = 925144 },
    { url = "https://files.pythonhosted.org/packages/1e/1c/4dfadcfa9de310c7962862f5898556f0bfcad481e94f2e50e0cc6f55d4d7/oxhttp-0.2.1-cp310-cp310-manylinux_2_17_s390x.manylinux2014_s390x.whl", hash = "sha256:f917ff8239cda67826d6ba5397dc907a134e0182622f9888ba0d33e99871d8eb", size = 940502 },
    { url = "https://files.pythonhosted.org/packages/83/96/91016fc75ec7c39cf1eaea098e497e7b45b000f9285ab062187fdc0a5f52/oxhttp-0.2.1-cp310-cp310-manylinux_2_17_x86_64.manylinux2014_x86_64.whl", hash = "sha256:5657dc8a145bf8be94a52dccf0355c97bedea47a304506662c96f0ba45fe2069", size = 835198 },
    { url = "https://files.pythonhosted.org/packages/51/61/581ec4a89649808cb23f3faf2edf64d1287abdd145a30e91dbb9b62dcc27/oxhttp-0.2.1-cp310-cp310-musllinux_1_2_aarch64.whl", hash = "sha256:ae8b1b00b5191b80c54c985b6ec82c12c667017117bb0d4681c002c3ba38fe19", size = 1008916 },
    { url = "https://files.pythonhosted.org/packages/43/b1/291c90e6626695e223d2c8ed2e43ab2496cc8214f17756ea1ef09b074de6/oxhttp-0.2.1-cp310-cp310-musllinux_1_2_armv7l.whl", hash = "sha256:5c920a1e69b932e74166c310b5b53b0dc681041ff29fc147a889a3eaea757943", size = 1092606 },
    { url = "https://files.pythonhosted.org/packages/1d/9e/a6816a51e298b48537db55b9eba93982a2915f7b2c03579ddd89927c36d6/oxhttp-0.2.1-cp310-cp310-musllinux_1_2_i686.whl", hash = "sha256:2e52592548ff79ac7134014727802aaf4bcc919b82708538d48881b91cba2e51", size = 1042474 },
    { url = "https://files.pythonhosted.org/packages/54/66/e9d8a94394a53d982647746cd3f0b1333592a584712903fa524bebb247c4/oxhttp-0.2.1-cp310-cp310-musllinux_1_2_x86_64.whl", hash = "sha256:ef6907f1aa8ce06c8c032d0f30b94f762fea662565583c18f3f287eb07299760", size = 1005496 },
    { url = "https://files.pythonhosted.org/packages/4f/70/972fdd83d5a0d56e629ae4e5cdb770a776a93453cd480d127179f3d87ce3/oxhttp-0.2.1-cp310-cp310-win32.whl", hash = "sha256:146eb616432186ef3d7fedd2eb894cc195413b40f153eeffd3bcc2d2a8976baa", size = 545809 },
    { url = "https://files.pythonhosted.org/packages/cd/86/97e5c9b87d816aae77bb1713e03de46e07c197bf6f50ad478aa3e82114fa/oxhttp-0.2.1-cp310-cp310-win_amd64.whl", hash = "sha256:df5d226f1d901be11925fe419ed27729b299cb751dd8faf37c6ea2ecec99105f", size = 581278 },
    { url = "https://files.pythonhosted.org/packages/00/c0/6d0f0a3ba4165692678c0a548908f3c4070b21ad85e4b5a72b7ac8e1d349/oxhttp-0.2.1-cp311-cp311-macosx_10_12_x86_64.whl", hash = "sha256:cef82c570b05ebca7e9ee5ce98eb9f7d8eff1ebca14cc9fcc9917b26b7cfc8b0", size = 763957 },
    { url = "https://files.pythonhosted.org/packages/45/17/ca065d62b65799fda5a690dfd252e47e555eda2e24abcfa32797ffab191e/oxhttp-0.2.1-cp311-cp311-macosx_11_0_arm64.whl", hash = "sha256:ab58b8e2057f7ce65fb76c71e931bc0ec0542a5a4e02d3fba1593de2a9530333", size = 745946 },
    { url = "https://files.pythonhosted.org/packages/b2/31/512761b9ade16247ff56402a24c547be3eca095c82c819f7be7bed943d40/oxhttp-0.2.1-cp311-cp311-manylinux_2_17_aarch64.manylinux2014_aarch64.whl", hash = "sha256:383a246a918054a586085dafd895ae8b5a1d68ffe196a4e464b4d4ce7469c629", size = 839166 },
    { url = "https://files.pythonhosted.org/packages/46/f1/0885ba92928712f6f1216430654c967c0785092d536400d61bf45ee0dc5f/oxhttp-0.2.1-cp311-cp311-manylinux_2_17_armv7l.manylinux2014_armv7l.whl", hash = "sha256:f2bd882b3c952297bf8c33b5e6aaef7abd470fd9af3bae7687c3a4b5f9c74c25", size = 828850 },
    { url = "https://files.pythonhosted.org/packages/5b/a8/7c5824027b36064b0b0e3092a941e9cc1f3e24487198aaf2a9d3a8e0f67a/oxhttp-0.2.1-cp311-cp311-manylinux_2_17_i686.manylinux2014_i686.whl", hash = "sha256:e7c8e97feebd63f7d41221d90a404fee95d48244856470319d11a88000cb91f0", size = 890328 },
    { url = "https://files.pythonhosted.org/packages/26/6a/78d322e443cd1e9f2a5fe2539fb0afa414d2d55f040b3d5f1718c4373e63/oxhttp-0.2.1-cp311-cp311-manylinux_2_17_ppc64le.manylinux2014_ppc64le.whl", hash = "sha256:6a23a68c6e3ab4f61c8c10e93efa72eabbbe260c5508f880416ab7678139edce", size = 925500 },
    { url = "https://files.pythonhosted.org/packages/bd/f2/fe47b0fdc44c24164a6c6cc415f12a9c8a76c50e54d5356c066ddc5535b8/oxhttp-0.2.1-cp311-cp311-manylinux_2_17_s390x.manylinux2014_s390x.whl", hash = "sha256:702197eed13bbf821ba5fd4d09206841ca1fbe33bce0e62ba432a2eed8cffb0c", size = 939988 },
    { url = "https://files.pythonhosted.org/packages/64/d4/311f1f13d566c61fc046e5880dffee0f773045ce914f3fe90921c2d5561b/oxhttp-0.2.1-cp311-cp311-manylinux_2_17_x86_64.manylinux2014_x86_64.whl", hash = "sha256:7a44384a5b635dec80bdbaf1b02430715384537fbebf3c2d42e9c1366bc2dcb1", size = 834925 },
    { url = "https://files.pythonhosted.org/packages/ea/78/6c96927df7ddb80cc686fdd67baccc268c009cefc9fc5fee742b3846c6bc/oxhttp-0.2.1-cp311-cp311-musllinux_1_2_aarch64.whl", hash = "sha256:146f05801462d3276887a0e6e1161b8173521a590fd69b40ad20bc33331d6497", size = 1009017 },
    { url = "https://files.pythonhosted.org/packages/c1/41/6d910ce705bd6c0d194f7810f3f6b651f1e3d69188bb065f2eb8353378a4/oxhttp-0.2.1-cp311-cp311-musllinux_1_2_armv7l.whl", hash = "sha256:fb16d6ff61a991d0c24d88be031400f0eb9cb1e6b12f8cd90719ea8e9877e81f", size = 1092038 },
    { url = "https://files.pythonhosted.org/packages/7c/18/b0cad5118bd9eba9da697c2881ce249fffda164c8bc4221a5fd09d48d5f8/oxhttp-0.2.1-cp311-cp311-musllinux_1_2_i686.whl", hash = "sha256:15f7f68bc53890cad627e3818b411c166cdf856587091b12ff3b22ac36359a02", size = 1043068 },
    { url = "https://files.pythonhosted.org/packages/94/16/2bfbd2d9839f546ec2090813f845b88286736bcf3c3f5c99a212b1a0b04b/oxhttp-0.2.1-cp311-cp311-musllinux_1_2_x86_64.whl", hash = "sha256:1db948c8b9a55e38b8598759c2a1f5bb3a746c79017f29d577789e840aca3ab6", size = 1005201 },
    { url = "https://files.pythonhosted.org/packages/28/d9/c325bb10b012aac2b6d4fd6f37f150e717035bbbd6661ba642829a10cc33/oxhttp-0.2.1-cp311-cp311-win32.whl", hash = "sha256:cc6513b4b913a8cb8a64a2550041019b47f2d7249d63c910a09cc7f79a8e783d", size = 546050 },
    { url = "https://files.pythonhosted.org/packages/49/8e/c33c20988091727e9d035646436a992c0ac68fe4dcc3ee076e2a8a6999eb/oxhttp-0.2.1-cp311-cp311-win_amd64.whl", hash = "sha256:f240763d6a503a3ab92327b57294b5791481addf33b789faa71cd1d31aa7b6a5", size = 581495 },
    { url = "https://files.pythonhosted.org/packages/d2/63/89718e971b34fc269e68f2358f653a9edb56881ace887bdc3c4f0c70a601/oxhttp-0.2.1-cp312-cp312-macosx_10_12_x86_64.whl", hash = "sha256:a9ee257dbf7056006810a6c938cda24663a54b90dd60052cdf0fefebb8bee065", size = 759170 },
    { url = "https://files.pythonhosted.org/packages/33/26/8a5557cb56738c2be5624ba9b711f515024ce5de81353478762ff4a19ec0/oxhttp-0.2.1-cp312-cp312-macosx_11_0_arm64.whl", hash = "sha256:16cec9c5e5e9ed51844e1bfe58054c1900823e025b33baa885bd30ca7a2f6e1b", size = 741328 },
    { url = "https://files.pythonhosted.org/packages/f1/5d/1f20ba2fad8233b66ce61c4994f809dfbe3290f95e133d0c6dd38e2d3db1/oxhttp-0.2.1-cp312-cp312-manylinux_2_17_aarch64.manylinux2014_aarch64.whl", hash = "sha256:e1b755d274c7ee1eea9227ae2c7cfee30178a22e6d27f20e67ff59fe0099fe68", size = 834691 },
    { url = "https://files.pythonhosted.org/packages/83/3f/2a9b6ca5d2a9e0e9fde03c4aee3a7cba40550fdb1d1e98bd8b74b38dca0a/oxhttp-0.2.1-cp312-cp312-manylinux_2_17_armv7l.manylinux2014_armv7l.whl", hash = "sha256:2d3eb45e97769f5ca7b43ad52821a00de5f6c8c7da6c348d2477e993297a1413", size = 831172 },
    { url = "https://files.pythonhosted.org/packages/25/b1/4f51e5a9dd766c8b83a2e09d25c1a9a41368e7566b717e972c7e16c87a9c/oxhttp-0.2.1-cp312-cp312-manylinux_2_17_i686.manylinux2014_i686.whl", hash = "sha256:67f1ee82555f39b948761dba47164bf32603c50ae9a98b042661feef79bcd1d7", size = 889249 },
    { url = "https://files.pythonhosted.org/packages/53/64/de0497f88b0a2265e1d8076c7693d835459a4afbd75848e1ff34a72879db/oxhttp-0.2.1-cp312-cp312-manylinux_2_17_ppc64le.manylinux2014_ppc64le.whl", hash = "sha256:a9cc08966468991ea3162f858d1768ee233b5b98115a86900a6737269782beae", size = 924335 },
    { url = "https://files.pythonhosted.org/packages/85/48/21ffd88f035c0c553baba6cedd276380bf2edadb17385122c1241947d84b/oxhttp-0.2.1-cp312-cp312-manylinux_2_17_s390x.manylinux2014_s390x.whl", hash = "sha256:6c00a2bc9e62fac8f64fb0b41ca12a7b7240c48ccf1cd32e7702fffa5b76bb88", size = 934413 },
    { url = "https://files.pythonhosted.org/packages/98/89/fe89c5ee4bffcb182248b6048680f9f0ed75da7bf4c368b13eacd19c65b9/oxhttp-0.2.1-cp312-cp312-manylinux_2_17_x86_64.manylinux2014_x86_64.whl", hash = "sha256:7e2845a74be4dc02308f6126c51252b22d7b1e8fe1da898f5ff914e504f2916c", size = 838236 },
    { url = "https://files.pythonhosted.org/packages/9e/db/92cff71bc05e811033d73818455142f39cc202bd71cb125ab89ddb0b62a0/oxhttp-0.2.1-cp312-cp312-musllinux_1_2_aarch64.whl", hash = "sha256:f2cae8b2025a68564cc00dd4d0b8855dfcff38ede2086fd15cb50d27940b0f1e", size = 1003963 },
    { url = "https://files.pythonhosted.org/packages/03/d4/02e0ab64e75e1382d3f01e2b6b534449c288e442ef2a5c9f3d31388d4ee8/oxhttp-0.2.1-cp312-cp312-musllinux_1_2_armv7l.whl", hash = "sha256:483a1888294a22e94d3a918e849c54b3cc7cf7f30fdb01d20f9dc05df0b11bca", size = 1094216 },
    { url = "https://files.pythonhosted.org/packages/37/c1/49dd8ebf930a4f618989074ecdbd443fac90fec160fb954fc1d3a9b46d42/oxhttp-0.2.1-cp312-cp312-musllinux_1_2_i686.whl", hash = "sha256:b0e39efb3a6242b0a8ab41a202d035db74cf3d662c91ecd566c7ea6e1cb5c854", size = 1042025 },
    { url = "https://files.pythonhosted.org/packages/20/cc/5d75f38ec66b9ac72d343cfd4feb371d5408c0a3121fb294a8a606f17c44/oxhttp-0.2.1-cp312-cp312-musllinux_1_2_x86_64.whl", hash = "sha256:7134e822dc0254208cc218154e011d8242eea749167cc7df73b1659f6f5dae29", size = 1008980 },
    { url = "https://files.pythonhosted.org/packages/42/5c/8902cf7650eec599380b9ba744471cac4ae772bee441982bd6b8a7bd1cc3/oxhttp-0.2.1-cp312-cp312-win32.whl", hash = "sha256:e85bd080f2ba3e0869316ce7c7e01ee3aec00591dd122a09684c5d03149dc378", size = 544198 },
    { url = "https://files.pythonhosted.org/packages/1f/ac/1937cefe47041d9af253c5d70d37dc262638dd35578df78ae500aeb1187f/oxhttp-0.2.1-cp312-cp312-win_amd64.whl", hash = "sha256:a539ec56bd30b178a67f8acd19e3fa8c65be8fd1946056915a9cb315c87949e6", size = 579627 },
    { url = "https://files.pythonhosted.org/packages/12/86/71ef18a9ab0e01f84346ada01bac9dcc25e90627780a765f6183ffb54dd5/oxhttp-0.2.1-cp313-cp313-macosx_10_12_x86_64.whl", hash = "sha256:c6b606cf69919a29adabdda4ae2f85cf06a6960496ae28ad4700f64a01d28ebd", size = 758923 },
    { url = "https://files.pythonhosted.org/packages/2a/37/de823e77e253cd917df8a1fb9f0da382a83d3921d3c2047348de8c729ec0/oxhttp-0.2.1-cp313-cp313-macosx_11_0_arm64.whl", hash = "sha256:1a22969d079322c62fe329f8d1e3595ed852c4a62bee9b175e9d7c340642bef2", size = 740949 },
    { url = "https://files.pythonhosted.org/packages/9d/9b/58e64249362ba5508e00b5481ae1950f71118079469555560b47615adc1f/oxhttp-0.2.1-cp313-cp313-manylinux_2_17_aarch64.manylinux2014_aarch64.whl", hash = "sha256:3377717feb32122230068e9b6d41f66fdd7de50637e21194719bce3a47e13616", size = 835035 },
    { url = "https://files.pythonhosted.org/packages/51/2c/4ebe7f1ff2907d09cfb0648a3d1a0b9c2b8c3f39f0196a6b08a60c3451f9/oxhttp-0.2.1-cp313-cp313-manylinux_2_17_armv7l.manylinux2014_armv7l.whl", hash = "sha256:94181e1e8b8ba1e4a4d8c94a4886e2cf294a48d5a8a30586f2ab85297b4a7d73", size = 831172 },
    { url = "https://files.pythonhosted.org/packages/68/97/169047ab075a65975177f8bd40a6be04c8376427a15cbc0d4945ea89dfba/oxhttp-0.2.1-cp313-cp313-manylinux_2_17_i686.manylinux2014_i686.whl", hash = "sha256:51cb9a649e6ce46f6ea510f4e55bbab53920c8d3aa8d2a50af2ca81df473969a", size = 889075 },
    { url = "https://files.pythonhosted.org/packages/cd/3f/6c4f488cf9eb9f42707960275943dd7862cdd1d7d3519f3ca8178665bc4e/oxhttp-0.2.1-cp313-cp313-manylinux_2_17_ppc64le.manylinux2014_ppc64le.whl", hash = "sha256:c076d3af2be93bea98408c5972760e4d3bf1e0458f06dafd2d4509fc579bc7ae", size = 924292 },
    { url = "https://files.pythonhosted.org/packages/a9/06/52b2f02697f40c3b2f8eadbeb567f3b5b61822952c63d3b70333ccd41922/oxhttp-0.2.1-cp313-cp313-manylinux_2_17_s390x.manylinux2014_s390x.whl", hash = "sha256:87e49aea74bc632a847d2e9ba78bb0bbe261188198e00220773748b0299c77f1", size = 934444 },
    { url = "https://files.pythonhosted.org/packages/68/cc/4b82c1ae10a8864356d99c49e4cbca284db6266eac5bf871f02b6d146cd9/oxhttp-0.2.1-cp313-cp313-manylinux_2_17_x86_64.manylinux2014_x86_64.whl", hash = "sha256:d036e54f0902a0214ea40abc955f5bd879dba09cb9a14104d58345aeaf09b844", size = 837937 },
    { url = "https://files.pythonhosted.org/packages/4f/5e/62cbd10a08d3df2b67a56a196c5b0ffd9a5166ff5c1a3015afa31ecfa6cf/oxhttp-0.2.1-cp313-cp313-musllinux_1_2_aarch64.whl", hash = "sha256:6891db9dd0e65e324e17d46dc3365c5de3921bf70d5eded3295a775034d17ab3", size = 1004639 },
    { url = "https://files.pythonhosted.org/packages/cd/cb/b6b13de2bfff36ef6ffea7a941f37aac3cc0512c7132abaf30bf2b7e9d2f/oxhttp-0.2.1-cp313-cp313-musllinux_1_2_armv7l.whl", hash = "sha256:ef72f4f7b81897352b34956c4144b886d9b161e2c3c78905e2319d5f9315d746", size = 1094543 },
    { url = "https://files.pythonhosted.org/packages/35/d4/e435fca5f09133c967ce46237ce5deda0c57dda2a3705c9ce922b5913545/oxhttp-0.2.1-cp313-cp313-musllinux_1_2_i686.whl", hash = "sha256:7fc7184bc1ca0ed5e36704f021cc5e1e17895d9b8f19abed173f8cebeb926db1", size = 1041990 },
    { url = "https://files.pythonhosted.org/packages/d5/b5/62d6211349537276da0eb4a54c086517394210b09c9cd4357155e5fb25aa/oxhttp-0.2.1-cp313-cp313-musllinux_1_2_x86_64.whl", hash = "sha256:d7c06ff6c49d262ba8515d45fbf3204c5b0dbf2ceb4dc82fd9d02ba758fd65a4", size = 1008661 },
    { url = "https://files.pythonhosted.org/packages/82/cd/036b82168be968d4a557ac468613a6bfe3a0364c80b600f3e570ded12340/oxhttp-0.2.1-cp313-cp313-win32.whl", hash = "sha256:8eca3b32a6ba4885d3cb45d032665ed158bdc2312e68a2ea764d98998e4ed776", size = 543827 },
    { url = "https://files.pythonhosted.org/packages/ff/cf/8af81ed40ec342031d78025a9db6c4c47265246b5894be42992f0c8202c6/oxhttp-0.2.1-cp313-cp313-win_amd64.whl", hash = "sha256:cc2616c2188fc18f8e88ed5292e5c1770a20673181caacf4358653a4baa9da47", size = 579514 },
    { url = "https://files.pythonhosted.org/packages/43/65/c491bdae583e44e8c56d8206aa2f5b04bea78dc4719514c74cd121417996/oxhttp-0.2.1-cp313-cp313t-manylinux_2_17_aarch64.manylinux2014_aarch64.whl", hash = "sha256:f257ae7753c12bf5209dae9f31ccfc2b995cd716a7f2b76e9fc46dd094cca330", size = 835677 },
    { url = "https://files.pythonhosted.org/packages/4b/70/20ed7a3b008e11c2460790dee903f29dd9c7163e2b12a655cc66b6049cd5/oxhttp-0.2.1-cp313-cp313t-manylinux_2_17_armv7l.manylinux2014_armv7l.whl", hash = "sha256:1d88d0be7d8e813faeaa1fb55f65e6b57ce953e8a6a15d120af8a0862e3235c5", size = 826820 },
    { url = "https://files.pythonhosted.org/packages/12/e6/f20b0fa341bca52e1ebaef635f8f3ad0cf7017149d99887ddb80a3843e91/oxhttp-0.2.1-cp313-cp313t-manylinux_2_17_ppc64le.manylinux2014_ppc64le.whl", hash = "sha256:9746217e2729a11b21e9e79ad35d880d1ef0e7b905a0d587e0a063f56c67e6f8", size = 921238 },
    { url = "https://files.pythonhosted.org/packages/e8/c6/355c660295fd30064892858435aa89cf586d151640c8585bba657a3432c5/oxhttp-0.2.1-cp313-cp313t-manylinux_2_17_s390x.manylinux2014_s390x.whl", hash = "sha256:18d24ef446dcf62f00371591372f813ab1e406bc92317ef294fd589c9a07920b", size = 936383 },
    { url = "https://files.pythonhosted.org/packages/22/4d/2f9b666e8b07cf7794f405cabbb6403129887d3645251b6c4587a0ba61e4/oxhttp-0.2.1-cp313-cp313t-musllinux_1_2_aarch64.whl", hash = "sha256:894d66f28b119b19510c7839fdc2a4c1b116b4970c994ac9ae288256662d4826", size = 1004941 },
    { url = "https://files.pythonhosted.org/packages/41/45/36de338507614b1346202dc46b489a39f121f35e89e03bae672a7a80cf73/oxhttp-0.2.1-cp313-cp313t-musllinux_1_2_armv7l.whl", hash = "sha256:404e1bf3466931b663c2cfda754fe869782cb3dd1e7fc0aaffb838839c939bb2", size = 1090220 },
    { url = "https://files.pythonhosted.org/packages/ad/08/5f578b97475f678a25bd7ebe3e41c57ec52336d4369ebfd06d8387747fc2/oxhttp-0.2.1-cp313-cp313t-musllinux_1_2_i686.whl", hash = "sha256:01aec4839ae061a5dcaf816603f791a15147c331dc924c2d8d24c65323fae66d", size = 1034550 },
    { url = "https://files.pythonhosted.org/packages/bc/3b/f5ae297f73b81841b18ed19a187631a0e5a896ea88f45240e333d2a440e2/oxhttp-0.2.1-cp313-cp313t-musllinux_1_2_x86_64.whl", hash = "sha256:46f8a493a52b9215722259221ed391d906a3fedafb17987af55995660fa44ff0", size = 1003974 },
    { url = "https://files.pythonhosted.org/packages/fd/3f/6d2f531c3aa5565dfb2abd1d0b12530258473d94fd0f660729b2bb85cde1/oxhttp-0.2.1-cp38-cp38-manylinux_2_17_aarch64.manylinux2014_aarch64.whl", hash = "sha256:79f90fd4ea45c1e272671efc781e45c74c128c21ae8c9f395e6a72eee3ff3cce", size = 839629 },
    { url = "https://files.pythonhosted.org/packages/06/84/0982ed678e788d7ca8dd719ea798e1ef603881a43d618e572b9168cd8ce3/oxhttp-0.2.1-cp38-cp38-manylinux_2_17_armv7l.manylinux2014_armv7l.whl", hash = "sha256:de4ac371c00ea08bf268948024cafbc360a66c55f40fe5cb2f3e83d4c69e9453", size = 830201 },
    { url = "https://files.pythonhosted.org/packages/08/43/837e71a620a123fa49711d2069c893b51c5cca2f58d7cf23a2741163468c/oxhttp-0.2.1-cp38-cp38-manylinux_2_17_i686.manylinux2014_i686.whl", hash = "sha256:b3ebb034727f45498fdc67fd0639a8b8a916bd7cf4d50e891424966db24e799c", size = 889865 },
    { url = "https://files.pythonhosted.org/packages/b2/cf/84113a473f274e57e1566223886bf9b53b6244c0d47a38f5f63f461111eb/oxhttp-0.2.1-cp38-cp38-manylinux_2_17_ppc64le.manylinux2014_ppc64le.whl", hash = "sha256:c85a5ea7108fc1a0bf8347ad55fcf19d3cf430a7f6f0ab50b5ea619baaa83b9f", size = 925729 },
    { url = "https://files.pythonhosted.org/packages/fe/8b/134af2357345aa6319e50470e027982d1438b19f054be8f4496ef221f593/oxhttp-0.2.1-cp38-cp38-manylinux_2_17_s390x.manylinux2014_s390x.whl", hash = "sha256:f1468e506c6535afe4a7f3b30cb82abe4c8394be6649622282b7f20509b633e7", size = 941646 },
    { url = "https://files.pythonhosted.org/packages/7a/9c/5f15cfe37b5a26ee626d3e7edea3094bcf7497b97714312723f0911af661/oxhttp-0.2.1-cp38-cp38-manylinux_2_17_x86_64.manylinux2014_x86_64.whl", hash = "sha256:7e126eb49eba2f7e89cc0358effdd97f9a9321dcd4a3bada9690e6f1814b05a7", size = 836217 },
    { url = "https://files.pythonhosted.org/packages/a7/65/fe1e734046a54689e9a561948a0f61fe6f179c18c5df6a24845e5f97776e/oxhttp-0.2.1-cp38-cp38-musllinux_1_2_aarch64.whl", hash = "sha256:18834a558d84d1d60106c74b46d4599d44d7ca25d4759c39fa6dd9784b6a47a1", size = 1009948 },
    { url = "https://files.pythonhosted.org/packages/c1/70/5ceb00b73f24be9ec6772a356a9b33454de7f017a588bc3bf987035f2795/oxhttp-0.2.1-cp38-cp38-musllinux_1_2_armv7l.whl", hash = "sha256:cf2d8d69d1de1cc1ddab7023fd09ecee6ee816ab9d21d2b14c77756434ce00bf", size = 1093632 },
    { url = "https://files.pythonhosted.org/packages/bc/83/a085df98677061bc6d5c047d0330d2ca095d9e27753818e9e27caf6f3d2e/oxhttp-0.2.1-cp38-cp38-musllinux_1_2_i686.whl", hash = "sha256:ba0e7fd5a67a930eb95f5cd1c7062f65f097c049a883823f0567bcd7193a333c", size = 1043056 },
    { url = "https://files.pythonhosted.org/packages/de/0f/aff40506a92eef956e60913224dc125bb4e4b4ab6b46206439eecede9f92/oxhttp-0.2.1-cp38-cp38-musllinux_1_2_x86_64.whl", hash = "sha256:1ddcc98916e22338df51176b470a67aec7607d2769f98139c66d37a14a3a3a9c", size = 1006704 },
    { url = "https://files.pythonhosted.org/packages/5a/cd/2555f586066c3a585928b5454d2a47e25ec8a56e73ea37bb5a6d4c4c3a99/oxhttp-0.2.1-cp38-cp38-win32.whl", hash = "sha256:a77af20ae5eb6a4d9ad43f6b26c13f27b114b9cbb9b0576143a28d2f4218fc5b", size = 546978 },
    { url = "https://files.pythonhosted.org/packages/94/40/cbb4e3df0083c63b392bc36a00d151d68f6c771623699d455770896b67df/oxhttp-0.2.1-cp38-cp38-win_amd64.whl", hash = "sha256:528ae056e1c525a2c3d299446d646181de09bc53a6e185dd68b968cd38725139", size = 581935 },
    { url = "https://files.pythonhosted.org/packages/8c/0a/44a5ef83782dedd3584bf250325ca921c437b0672178826718bac9bdc86a/oxhttp-0.2.1-cp39-cp39-manylinux_2_17_aarch64.manylinux2014_aarch64.whl", hash = "sha256:1d239484cad19aad0c4e5a3e8dd04f8745ec35bbc8bd9cca1d1070370baecf16", size = 839683 },
    { url = "https://files.pythonhosted.org/packages/05/11/b1f264976da9da9a09fa73bf433c51eb60bf4ecd2b9b0011de08bc4c9c51/oxhttp-0.2.1-cp39-cp39-manylinux_2_17_armv7l.manylinux2014_armv7l.whl", hash = "sha256:dba191dfb8fca0cd8b36772ac4d13d7dd4d16a9ee49c1004bf3aa75c88d49565", size = 830528 },
    { url = "https://files.pythonhosted.org/packages/f4/ac/7ccb245a840f81a1469e77ff4c48abf897a134aed5bb0b91eda1f9de26af/oxhttp-0.2.1-cp39-cp39-manylinux_2_17_i686.manylinux2014_i686.whl", hash = "sha256:e7a04b2f56f4ddf58260ef52de1203979dc264d6c94e4fc84db67f5ba642e85d", size = 890016 },
    { url = "https://files.pythonhosted.org/packages/35/e1/e630db0bdac90e46692befc5b6d57c61d3838003d6458b895623f9c3a302/oxhttp-0.2.1-cp39-cp39-manylinux_2_17_ppc64le.manylinux2014_ppc64le.whl", hash = "sha256:68617160e98e72a18b3b10aff54511cfcd859a327c6c7aacb502bb8fa176764c", size = 926216 },
    { url = "https://files.pythonhosted.org/packages/d7/1d/fb51daa7f9ccaa5ad67e265436df44a605592dabef35fe7a220f90a61443/oxhttp-0.2.1-cp39-cp39-manylinux_2_17_s390x.manylinux2014_s390x.whl", hash = "sha256:69422ed2fdb714d79ee0333b6b9daa742f2e8e9622d12902161a8e7c481f1efa", size = 942308 },
    { url = "https://files.pythonhosted.org/packages/eb/f6/e5c7905a8547251dcc98f1417a0d74b30e24392c51c85d58db7948eb1372/oxhttp-0.2.1-cp39-cp39-manylinux_2_17_x86_64.manylinux2014_x86_64.whl", hash = "sha256:2d664f70f429c5fceaca62edba7473a8c80e72a4a4a4813ec6bed69c6ca97f8c", size = 836638 },
    { url = "https://files.pythonhosted.org/packages/2a/aa/8a28a486b687dd038aefb3962c17d2af32f93335d15aa4922039a9fb22a6/oxhttp-0.2.1-cp39-cp39-musllinux_1_2_aarch64.whl", hash = "sha256:724570bf7ded92f9753381995fe562517ef62a79f181e66d809e43527f4a71a0", size = 1009996 },
    { url = "https://files.pythonhosted.org/packages/75/ef/a544d2ea7e697886ad085b17b53c6d34b0c51b5dc1663fa0f6b8d7cee88f/oxhttp-0.2.1-cp39-cp39-musllinux_1_2_armv7l.whl", hash = "sha256:5bfe9d6dfa34d3e06a7e6dc15a813530e57b716e2a317d488425abd597474f7a", size = 1093714 },
    { url = "https://files.pythonhosted.org/packages/96/d6/1381d6af0964969c01c8740e775e6c12006b1e7b39c68ae8d361c9637734/oxhttp-0.2.1-cp39-cp39-musllinux_1_2_i686.whl", hash = "sha256:44098570a640c42625181e1f40390c0b651d1bd7a509d7acf45f481804a25b99", size = 1043462 },
    { url = "https://files.pythonhosted.org/packages/20/f2/661be369ea6b2a9b45c352640c8baa01a3e1beed5226b835fe620aaa6718/oxhttp-0.2.1-cp39-cp39-musllinux_1_2_x86_64.whl", hash = "sha256:ec72dddc118af46597daea43b3951faf356096816a7060dbf529c6b97d8f4323", size = 1006946 },
    { url = "https://files.pythonhosted.org/packages/50/7b/b0b766bb7710a0f5ec3b2d8c77b2ff3dc18b27cfaf11c6735ac46d4c948f/oxhttp-0.2.1-cp39-cp39-win32.whl", hash = "sha256:41026e8f7daac05abb88f84f97e5cc3e4049be050478e288929a0953e1619274", size = 547155 },
    { url = "https://files.pythonhosted.org/packages/15/f2/15579a7cae2001d592e102943083f8264490f81c564f44641764756f264d/oxhttp-0.2.1-cp39-cp39-win_amd64.whl", hash = "sha256:cb900547942379d0eb118b96ae93e274bcd9b8b015d428f76f01988ce8235aa7", size = 581715 },
    { url = "https://files.pythonhosted.org/packages/91/8f/1029f5106a8ad82d273c5adae99b6fa4662d8ba11d91c5d38edd1a416648/oxhttp-0.2.1-pp310-pypy310_pp73-manylinux_2_17_aarch64.manylinux2014_aarch64.whl", hash = "sha256:aebb8a66844e2abe7c0c2d41a1c5e659a7b5cd0f8b64cade85bcab1d7cd63237", size = 839484 },
    { url = "https://files.pythonhosted.org/packages/f6/a1/7ab371850e0179098a1456630108c8e00740571e06c5a06140eb98f4436c/oxhttp-0.2.1-pp310-pypy310_pp73-manylinux_2_17_armv7l.manylinux2014_armv7l.whl", hash = "sha256:6c4d8e825ec74d3d5a7bb81ac0f08540e2490e0e31f8eccb550b369e63825b80", size = 832615 },
    { url = "https://files.pythonhosted.org/packages/05/4c/1f0323150f64715cc13c3eb890d3a0455a7694452add511857af48a9f1d5/oxhttp-0.2.1-pp310-pypy310_pp73-manylinux_2_17_i686.manylinux2014_i686.whl", hash = "sha256:7435aeb8932cf800de13b16cadd1fdc33568ca50705828f3f79ecdbf709a8388", size = 892168 },
    { url = "https://files.pythonhosted.org/packages/0a/45/2bfa4a7da6b2cbe75c24056973a51b7ae4ee870b7b22221a3b9ecf2717f4/oxhttp-0.2.1-pp310-pypy310_pp73-manylinux_2_17_ppc64le.manylinux2014_ppc64le.whl", hash = "sha256:e00b8d49c6272ad857e4f79d19638b1c88d0264291f9842d55889af30115201a", size = 926487 },
    { url = "https://files.pythonhosted.org/packages/d3/a9/82ca017db7fb463381ebe97568eef05fc966aa07558f81fe634763e1ba26/oxhttp-0.2.1-pp310-pypy310_pp73-manylinux_2_17_s390x.manylinux2014_s390x.whl", hash = "sha256:dea2d6bfe69815f6fc1cdd4767265e2a7eb0d5c5cbc2b02185891554c4e38485", size = 941963 },
    { url = "https://files.pythonhosted.org/packages/71/d1/86411b024d958a4293b6dbb2c7e6464c82625faf6def064006faa8d80708/oxhttp-0.2.1-pp310-pypy310_pp73-manylinux_2_17_x86_64.manylinux2014_x86_64.whl", hash = "sha256:8bc938fcb6df308aa7d5b56aa9a5294aba0b15ccd13e19c94da020c2243ae090", size = 837582 },
    { url = "https://files.pythonhosted.org/packages/2a/cc/fe25e63eb036926c72039f8db87387753784121e9d955295d8254276cb8e/oxhttp-0.2.1-pp310-pypy310_pp73-musllinux_1_2_aarch64.whl", hash = "sha256:7a4884beaf7237176eef1dfc56bcdcdbad9446839f096e0c6a729f56c3cd50e9", size = 1009157 },
    { url = "https://files.pythonhosted.org/packages/26/1e/8e377aff46e882d4db511923cae957ca46d6237c071dc69e1270a1970d5f/oxhttp-0.2.1-pp310-pypy310_pp73-musllinux_1_2_armv7l.whl", hash = "sha256:9e208200ba34ec9097f74b0da1ab75661657be3a8c98707fb1fd9dcc9aa63b92", size = 1095502 },
    { url = "https://files.pythonhosted.org/packages/29/79/9f104c2ac996f91df48c522f85ef16ded9e3181da66003c917992b5dd05b/oxhttp-0.2.1-pp310-pypy310_pp73-musllinux_1_2_i686.whl", hash = "sha256:dc70c1272dd52ab82b97ad8cf0064c4e37192f3f10ac67b9218ea62d371543ad", size = 1044332 },
    { url = "https://files.pythonhosted.org/packages/e0/db/1abbf1d9f408a3d037608fa8b4a95ad47219d9233d9c473074c85f16c5cc/oxhttp-0.2.1-pp310-pypy310_pp73-musllinux_1_2_x86_64.whl", hash = "sha256:fefc25224fd2e4886bc7d4b46cb4b2deabb1988e2eec2f62864925182ae93398", size = 1008025 },
    { url = "https://files.pythonhosted.org/packages/7d/5c/6e5f818539cf24c36aaa5cd4f3322997676efd42b29e01d051ef496f1e64/oxhttp-0.2.1-pp39-pypy39_pp73-manylinux_2_17_aarch64.manylinux2014_aarch64.whl", hash = "sha256:31c46dc07cccf1c01b546c4b30c929a649c60bba8b480257c616814eb024bd9e", size = 840399 },
    { url = "https://files.pythonhosted.org/packages/a2/79/8b05b12a13116bc8cb0bbba8d38b12f3949d0f29621420781e3f9b5fae7d/oxhttp-0.2.1-pp39-pypy39_pp73-manylinux_2_17_armv7l.manylinux2014_armv7l.whl", hash = "sha256:42a86ae17677877a22fbed0811ab2fd3d4d7da691e104196a33c58e8d1071550", size = 833023 },
    { url = "https://files.pythonhosted.org/packages/80/a0/f4a9bb0dbbe683dd15721810e5b5ff25906ec3d79be78ecd14214716b230/oxhttp-0.2.1-pp39-pypy39_pp73-manylinux_2_17_ppc64le.manylinux2014_ppc64le.whl", hash = "sha256:292def02e3a78613bb99a4f13e9a8a2e04b4f3ce99e6f37a3eeb5bb00ec73747", size = 927277 },
    { url = "https://files.pythonhosted.org/packages/8d/c2/3fc5549ba3a87946c66c015826fdd3e80c4548541b1a785de41144db1b9e/oxhttp-0.2.1-pp39-pypy39_pp73-manylinux_2_17_s390x.manylinux2014_s390x.whl", hash = "sha256:5f225f444980ae9387124108e13b894808030a91fc652bc7ffe5e11ba7f15048", size = 943119 },
    { url = "https://files.pythonhosted.org/packages/0d/70/a804d4817cb80a5998224abfdfcd52adb78ef2d8a6e4844fd91ff2bf69d4/oxhttp-0.2.1-pp39-pypy39_pp73-musllinux_1_2_aarch64.whl", hash = "sha256:285a471f095371bdbb6a111585e06a06ae10343cd621435ae2ff8de7f03a2f08", size = 1009834 },
    { url = "https://files.pythonhosted.org/packages/ec/04/a3732f15984b5acb16b12b8fb51dd89a8af1470b4a33519f49458b3277f1/oxhttp-0.2.1-pp39-pypy39_pp73-musllinux_1_2_armv7l.whl", hash = "sha256:baeac281e15686de378fd24b804c8c4ab8b56b042b29883bf5c9ddb8dfde56a9", size = 1096144 },
    { url = "https://files.pythonhosted.org/packages/fd/5e/20baf2e6fb98d83fed8ff24c098d8c21b6129afc80e1c71b599f5db611fc/oxhttp-0.2.1-pp39-pypy39_pp73-musllinux_1_2_i686.whl", hash = "sha256:9e81ff3f69563c38b347faac996b07bc0cf52198ebcd0486c41f228b71016ff1", size = 1045052 },
    { url = "https://files.pythonhosted.org/packages/21/38/a83fdca9b93a8b972a6f7ee97799f873dcf449bcbe4d8325f25056b0e923/oxhttp-0.2.1-pp39-pypy39_pp73-musllinux_1_2_x86_64.whl", hash = "sha256:5d58d9707d9999e477cca6d2ebc2625b5fecd2bdffac530ef65373ead75c2723", size = 1008842 },
]
