version = 1
revision = 1
requires-python = ">=3.12.3"

[[package]]
name = "bus-antsirabe-api"
version = "0.1.0"
source = { virtual = "." }
dependencies = [
    { name = "oxhttp" },
]

[package.metadata]
requires-dist = [{ name = "oxhttp", specifier = ">=0.1.2" }]

[[package]]
name = "oxhttp"
version = "0.1.2"
source = { registry = "https://pypi.org/simple" }
sdist = { url = "https://files.pythonhosted.org/packages/62/48/4466dd94fae626a3413ec55d5b9404b7b774c22d6ad609ff07870771571c/oxhttp-0.1.2.tar.gz", hash = "sha256:3551a7b06fcb37254ab376befbe884baef53785755788ced4d0143402bf3522f", size = 13503 }
wheels = [
    { url = "https://files.pythonhosted.org/packages/47/3d/fc4db1b0ebe42025bb4bba2de4856c767be3689526b881c783788c7a8c3a/oxhttp-0.1.2-cp312-cp312-macosx_10_12_x86_64.whl", hash = "sha256:93d93d67e0947cbd66dcb15357dc63cc43f194987b10eb44a4836dc58d939680", size = 982228 },
    { url = "https://files.pythonhosted.org/packages/af/4b/a617c8fa086c9447e18ed65c578362994e3228e0980814a6e70138fa7d2d/oxhttp-0.1.2-cp312-cp312-macosx_11_0_arm64.whl", hash = "sha256:f37bbba4b18678529cb9fdc229e7e71b7bba72d077f5173bdbc6a6feb7949450", size = 925480 },
    { url = "https://files.pythonhosted.org/packages/8d/07/7dbe781038ef7890b2797d16283bcf71ac665d51b3754d0eda5be3287c36/oxhttp-0.1.2-cp312-cp312-manylinux_2_17_aarch64.manylinux2014_aarch64.whl", hash = "sha256:325c853ae801b85427a063de4aea08f0c0c48c7ae8976c60b7593cb9b7d414ef", size = 1039804 },
    { url = "https://files.pythonhosted.org/packages/a7/2c/a400031e86308e1e33dc1ed850c93947144101659dccc3c385961fc4eeb3/oxhttp-0.1.2-cp312-cp312-manylinux_2_17_armv7l.manylinux2014_armv7l.whl", hash = "sha256:9b2b901d511c6cac2298e22768f66b6df7131efa416b1383d97c282c75bf8120", size = 993711 },
    { url = "https://files.pythonhosted.org/packages/aa/96/4d5006b474142874126ce899827a3a35849352d689347b5db5629d38cdd4/oxhttp-0.1.2-cp312-cp312-manylinux_2_17_i686.manylinux2014_i686.whl", hash = "sha256:7e66d2262a8fcfdb05057155fd9d8690867fdb8f97871ab05f6a574f6c448aff", size = 1074014 },
    { url = "https://files.pythonhosted.org/packages/c2/09/35304341eaef79a7105a3d2ce4d41552aef22100edf4ac4892432d85f236/oxhttp-0.1.2-cp312-cp312-manylinux_2_17_ppc64le.manylinux2014_ppc64le.whl", hash = "sha256:0519d2f03176ed32ddf7e3ed890a5afbab64c0e5d490e2fd319da734b8d22066", size = 1138205 },
    { url = "https://files.pythonhosted.org/packages/c4/dd/195db7410fed6a06901f1a4bcdd8fb0c45cdf7a6f4ee359d824a3d611984/oxhttp-0.1.2-cp312-cp312-manylinux_2_17_s390x.manylinux2014_s390x.whl", hash = "sha256:64a60af50ac1b8072b7f055ccdfe9c2acd6bc43b7f8f6fccb71b8759092514e6", size = 1169177 },
    { url = "https://files.pythonhosted.org/packages/fb/9f/4f8a21507de27bf8be29b0ab368f7d8b1342b3de396b128a4c8f51f4080f/oxhttp-0.1.2-cp312-cp312-manylinux_2_17_x86_64.manylinux2014_x86_64.whl", hash = "sha256:1d9b1415f6e1477b2cc3384832a0a5bc05613b94214a7ae3dece5abe58d15723", size = 1087139 },
    { url = "https://files.pythonhosted.org/packages/67/06/5cbb8067995a5e1ea3303a07966057752a9b146afdccd8ff51d9911c06d3/oxhttp-0.1.2-cp312-cp312-musllinux_1_2_aarch64.whl", hash = "sha256:760097315e53367ca5bd34141782401f8eb77dd2b531c0addba3eb0841ed8358", size = 1213283 },
    { url = "https://files.pythonhosted.org/packages/7f/a4/f542523fe6b123b4933c8edc4ea4a6fd77ea28fd8593316723de17c53476/oxhttp-0.1.2-cp312-cp312-musllinux_1_2_armv7l.whl", hash = "sha256:5248d38f66195e0649261a0304ae3e9fc97e77496301cd6bb0326e2856f5231f", size = 1258529 },
    { url = "https://files.pythonhosted.org/packages/51/b0/55235254e6db99eeca5cd17da9fc1f403af5941aa172e360903225515389/oxhttp-0.1.2-cp312-cp312-musllinux_1_2_i686.whl", hash = "sha256:f39d5e8738bd8709bbf84d846f4c270bcadbb5dd63baed5dcbc96a94a3aaf50d", size = 1223475 },
    { url = "https://files.pythonhosted.org/packages/e5/3a/a0598881c5d2119fbf77354ebad6dfff52a2262fe3bb87b3c7a23b8ebc78/oxhttp-0.1.2-cp312-cp312-musllinux_1_2_x86_64.whl", hash = "sha256:2e30ee6f739b2e85d3bb372ddb5fdef56e3e611cc4e80100d5ecb4be312f344d", size = 1254170 },
    { url = "https://files.pythonhosted.org/packages/9e/48/d22e7dfb01c4445e096beb1e1c37e25a2f966832ee972800ce53cc11e300/oxhttp-0.1.2-cp312-cp312-win32.whl", hash = "sha256:2414fdcfda2f820e9d47ad9c45696ade55d60d62521a2c650c75b4098ca3a0ad", size = 728865 },
    { url = "https://files.pythonhosted.org/packages/42/b6/e95b51ececa401776e27edf46d63d4fc097f8acd42d5c33313bffdbbf983/oxhttp-0.1.2-cp312-cp312-win_amd64.whl", hash = "sha256:053d5bbb19e8db7053f1304c93ebfe5382950f195e7f8d00845f88e721822686", size = 799729 },
    { url = "https://files.pythonhosted.org/packages/e0/14/b135c5ead15c140e504f9d31f63b9c54e99a3ae1873727d42cf7d896085a/oxhttp-0.1.2-cp313-cp313-macosx_10_12_x86_64.whl", hash = "sha256:a79422f5c2b4e37277745ef6882c67a2cbdde67209bc5673ddc8fd8a35d29a1c", size = 982196 },
    { url = "https://files.pythonhosted.org/packages/5a/9d/3e54b44594ba865807a50421438ad9607c17ae515f43914bce639c68d2af/oxhttp-0.1.2-cp313-cp313-macosx_11_0_arm64.whl", hash = "sha256:6031be3b9db8932b8518c1950705c2c7cc0dbf6235a0b641d92faca6926468c7", size = 925247 },
    { url = "https://files.pythonhosted.org/packages/38/66/7b0c7c37e2d0ac968faa38bc2bb29a1e3a87053e8e8ca732f53f8fb910fe/oxhttp-0.1.2-cp313-cp313-manylinux_2_17_aarch64.manylinux2014_aarch64.whl", hash = "sha256:4b04ef0101b4fc043a1956b389f23e4ba00d76471ed1f860d4d2ed5721e112cc", size = 1039981 },
    { url = "https://files.pythonhosted.org/packages/4e/c5/4c4ee7a70d51ddae06d3ffddd6631e7a47ef76f17db8619f24d7a0154d2b/oxhttp-0.1.2-cp313-cp313-manylinux_2_17_armv7l.manylinux2014_armv7l.whl", hash = "sha256:47ae4964361d944654d1cfa947391428311100625cd58ab42abb3eb4b36375bc", size = 994056 },
    { url = "https://files.pythonhosted.org/packages/87/73/02877f49018ab6732b83c988529dd5f245a0e95aadd9591462aa6d24a672/oxhttp-0.1.2-cp313-cp313-manylinux_2_17_i686.manylinux2014_i686.whl", hash = "sha256:2f8c04ed8b46799fd7abda0101c2a901a927b8913bcd97afc07d4b90d77c20b7", size = 1073967 },
    { url = "https://files.pythonhosted.org/packages/87/02/a18f000d7b2fcf48315a9118b697b735eaf034185fb83d94451bb879057b/oxhttp-0.1.2-cp313-cp313-manylinux_2_17_ppc64le.manylinux2014_ppc64le.whl", hash = "sha256:ed3460a609e7e4c24937e1fc12edc8cf2bda18aa6f630e7ddd92df737de741e6", size = 1138181 },
    { url = "https://files.pythonhosted.org/packages/c9/b0/f26af0148559262b1ddc10b18a7378176a617d9fce4fb85622e92d5f1646/oxhttp-0.1.2-cp313-cp313-manylinux_2_17_s390x.manylinux2014_s390x.whl", hash = "sha256:5fcfbad3172841260d47c185ebc28283799dc395814301e83337f1babe508428", size = 1169465 },
    { url = "https://files.pythonhosted.org/packages/1d/03/4ecdd7260d2dee8b6122ce54a24cbb50ff138f16421c6806c8334b14359f/oxhttp-0.1.2-cp313-cp313-manylinux_2_17_x86_64.manylinux2014_x86_64.whl", hash = "sha256:c92197c05c2f263e030e1661b031ce80a79d562d04163caf659c21a8e02dda76", size = 1087145 },
    { url = "https://files.pythonhosted.org/packages/33/57/8cd9fd839ce70bbfadf307a5b4daa821778c3f0f0a4a197b45ce030c362a/oxhttp-0.1.2-cp313-cp313-musllinux_1_2_aarch64.whl", hash = "sha256:d1ed0d6051352f922b00862702eedf1e983ceb5d435a0c3bf205204c51648789", size = 1213827 },
    { url = "https://files.pythonhosted.org/packages/a0/59/0b542bcdc1c7ceeb3fdf7b036c2ff719c5706a2a9cb8a0948ece0e791a73/oxhttp-0.1.2-cp313-cp313-musllinux_1_2_armv7l.whl", hash = "sha256:086974f43b78f484afed34d4ee0ec368f5c0ebf67db7bee31077dd28171de8f4", size = 1259198 },
    { url = "https://files.pythonhosted.org/packages/04/ee/3af9bbe2ab6a9e4945f3f57d0ba8e022afcd8c26c0aaef6faf4d4330b403/oxhttp-0.1.2-cp313-cp313-musllinux_1_2_i686.whl", hash = "sha256:49d92e9eaaa9506de4e24580feb61b8f873eb50d91e2bca491262111993f8154", size = 1223876 },
    { url = "https://files.pythonhosted.org/packages/82/bb/e9425e5ae8afec3c69be6e7e6478adac50ec50ed187288490f414961a087/oxhttp-0.1.2-cp313-cp313-musllinux_1_2_x86_64.whl", hash = "sha256:e466e9148b651b5f2b70f594b846cb20aa3a5ee8baa9dd0ec23eebe08e507387", size = 1254630 },
    { url = "https://files.pythonhosted.org/packages/ed/6c/9fe1c2a6ddf190a2cc78f1c93ea5546ede083dd48aa3899be648c72ce588/oxhttp-0.1.2-cp313-cp313-win32.whl", hash = "sha256:e6c6c4be3e3c42f5ccaf743c886f2dc89cbeaf8f9f47972db88f3902f187d270", size = 728695 },
    { url = "https://files.pythonhosted.org/packages/28/5d/d6e5631da78d2e25fe69643e7ad51dfb3a8e3e3ada29f21d8aa5b9de6720/oxhttp-0.1.2-cp313-cp313-win_amd64.whl", hash = "sha256:c83e4465109d94fb0e222dafa29dab06bb5359a08167fc2ba9e8ff3ee4205033", size = 799937 },
    { url = "https://files.pythonhosted.org/packages/da/aa/94ba1b8620a9809af9c902853210589497ed3d624fc141f08ae897ada1f9/oxhttp-0.1.2-cp313-cp313t-manylinux_2_17_aarch64.manylinux2014_aarch64.whl", hash = "sha256:07af0cf4529dfefb8c41bd96b657e4a900033452fcfa9305e7ed6fc4484b94a0", size = 1038828 },
    { url = "https://files.pythonhosted.org/packages/aa/3c/f9c17fa769fd61cfa9197fcf67ef7ca632aa07688873157cd23beea1c952/oxhttp-0.1.2-cp313-cp313t-manylinux_2_17_armv7l.manylinux2014_armv7l.whl", hash = "sha256:3e40270648ec8932f530100c4877edbfe7c3cc5debeeb232454742211f06a4cf", size = 993840 },
    { url = "https://files.pythonhosted.org/packages/25/6e/17e6bcbeb13b4026604c7354b11da99127b290be6034e9c48dc9cbec23b9/oxhttp-0.1.2-cp313-cp313t-manylinux_2_17_ppc64le.manylinux2014_ppc64le.whl", hash = "sha256:fe52ff9b573395de4e7e2f931c8138af9e96ab6dd53407bb722a3af1321cd080", size = 1137711 },
    { url = "https://files.pythonhosted.org/packages/29/d9/7dc70707acbcdf93cdd4a1953142b8b41255d3a2b7f935e5ea828ac1ca9e/oxhttp-0.1.2-cp313-cp313t-manylinux_2_17_s390x.manylinux2014_s390x.whl", hash = "sha256:86966692d8dce7ee0911b62d73096ae0841db5f20c50bb751e8f573e1cf1dd63", size = 1168080 },
    { url = "https://files.pythonhosted.org/packages/1a/09/2442ee614a8c84075ec9c8da1abafd1ccda498309a3690cd274332c10777/oxhttp-0.1.2-cp313-cp313t-musllinux_1_2_aarch64.whl", hash = "sha256:8419525a197574acdf9b011ccb59295e97b1ea125b5b977cdbc8b10c9ceb3da5", size = 1212979 },
    { url = "https://files.pythonhosted.org/packages/3a/36/66b8dc7aac1df50e8e1826255a60baaae26479b104a8c4ae3d38068f5577/oxhttp-0.1.2-cp313-cp313t-musllinux_1_2_armv7l.whl", hash = "sha256:6e322127e57aa038f6517e541d35431fe41a7a94a423f498861e5a03572a9ff0", size = 1258608 },
    { url = "https://files.pythonhosted.org/packages/6a/c2/bed2d5425bec1ea96346eadad324f2606677598526e0c9b5b08e1a36fe03/oxhttp-0.1.2-cp313-cp313t-musllinux_1_2_i686.whl", hash = "sha256:916583960f2defb22bd55bd8f5dc09327378d63909a2ea58ad9544bc9de3c1f1", size = 1224259 },
    { url = "https://files.pythonhosted.org/packages/0b/35/1075139be412153c52e5be16df608c6d37b260b5059f626fd25a5770ef11/oxhttp-0.1.2-cp313-cp313t-musllinux_1_2_x86_64.whl", hash = "sha256:a2ead9c59f0eb48ba7d2a42621c85a4ef6286a8b791c76095d7f48f7a4c1d86c", size = 1254516 },
]
