version = 1
revision = 1
requires-python = ">=3.8"

[[package]]
name = "bus-antsirabe-api"
version = "0.1.0"
source = { virtual = "." }
dependencies = [
    { name = "oxapy" },
]

[package.metadata]
requires-dist = [{ name = "oxapy", specifier = "==0.3.0" }]

[[package]]
name = "orjson"
version = "3.10.15"
source = { registry = "https://pypi.org/simple" }
sdist = { url = "https://files.pythonhosted.org/packages/ae/f9/5dea21763eeff8c1590076918a446ea3d6140743e0e36f58f369928ed0f4/orjson-3.10.15.tar.gz", hash = "sha256:05ca7fe452a2e9d8d9d706a2984c95b9c2ebc5db417ce0b7a49b91d50642a23e", size = 5282482 }
wheels = [
    { url = "https://files.pythonhosted.org/packages/52/09/e5ff18ad009e6f97eb7edc5f67ef98b3ce0c189da9c3eaca1f9587cd4c61/orjson-3.10.15-cp310-cp310-macosx_10_15_x86_64.macosx_11_0_arm64.macosx_10_15_universal2.whl", hash = "sha256:552c883d03ad185f720d0c09583ebde257e41b9521b74ff40e08b7dec4559c04", size = 249532 },
    { url = "https://files.pythonhosted.org/packages/bd/b8/a75883301fe332bd433d9b0ded7d2bb706ccac679602c3516984f8814fb5/orjson-3.10.15-cp310-cp310-manylinux_2_17_aarch64.manylinux2014_aarch64.whl", hash = "sha256:616e3e8d438d02e4854f70bfdc03a6bcdb697358dbaa6bcd19cbe24d24ece1f8", size = 125229 },
    { url = "https://files.pythonhosted.org/packages/83/4b/22f053e7a364cc9c685be203b1e40fc5f2b3f164a9b2284547504eec682e/orjson-3.10.15-cp310-cp310-manylinux_2_17_armv7l.manylinux2014_armv7l.whl", hash = "sha256:7c2c79fa308e6edb0ffab0a31fd75a7841bf2a79a20ef08a3c6e3b26814c8ca8", size = 150148 },
    { url = "https://files.pythonhosted.org/packages/63/64/1b54fc75ca328b57dd810541a4035fe48c12a161d466e3cf5b11a8c25649/orjson-3.10.15-cp310-cp310-manylinux_2_17_ppc64le.manylinux2014_ppc64le.whl", hash = "sha256:73cb85490aa6bf98abd20607ab5c8324c0acb48d6da7863a51be48505646c814", size = 139748 },
    { url = "https://files.pythonhosted.org/packages/5e/ff/ff0c5da781807bb0a5acd789d9a7fbcb57f7b0c6e1916595da1f5ce69f3c/orjson-3.10.15-cp310-cp310-manylinux_2_17_s390x.manylinux2014_s390x.whl", hash = "sha256:763dadac05e4e9d2bc14938a45a2d0560549561287d41c465d3c58aec818b164", size = 154559 },
    { url = "https://files.pythonhosted.org/packages/4e/9a/11e2974383384ace8495810d4a2ebef5f55aacfc97b333b65e789c9d362d/orjson-3.10.15-cp310-cp310-manylinux_2_17_x86_64.manylinux2014_x86_64.whl", hash = "sha256:a330b9b4734f09a623f74a7490db713695e13b67c959713b78369f26b3dee6bf", size = 130349 },
    { url = "https://files.pythonhosted.org/packages/2d/c4/dd9583aea6aefee1b64d3aed13f51d2aadb014028bc929fe52936ec5091f/orjson-3.10.15-cp310-cp310-manylinux_2_5_i686.manylinux1_i686.whl", hash = "sha256:a61a4622b7ff861f019974f73d8165be1bd9a0855e1cad18ee167acacabeb061", size = 138514 },
    { url = "https://files.pythonhosted.org/packages/53/3e/dcf1729230654f5c5594fc752de1f43dcf67e055ac0d300c8cdb1309269a/orjson-3.10.15-cp310-cp310-musllinux_1_2_aarch64.whl", hash = "sha256:acd271247691574416b3228db667b84775c497b245fa275c6ab90dc1ffbbd2b3", size = 130940 },
    { url = "https://files.pythonhosted.org/packages/e8/2b/b9759fe704789937705c8a56a03f6c03e50dff7df87d65cba9a20fec5282/orjson-3.10.15-cp310-cp310-musllinux_1_2_armv7l.whl", hash = "sha256:e4759b109c37f635aa5c5cc93a1b26927bfde24b254bcc0e1149a9fada253d2d", size = 414713 },
    { url = "https://files.pythonhosted.org/packages/a7/6b/b9dfdbd4b6e20a59238319eb203ae07c3f6abf07eef909169b7a37ae3bba/orjson-3.10.15-cp310-cp310-musllinux_1_2_i686.whl", hash = "sha256:9e992fd5cfb8b9f00bfad2fd7a05a4299db2bbe92e6440d9dd2fab27655b3182", size = 141028 },
    { url = "https://files.pythonhosted.org/packages/7c/b5/40f5bbea619c7caf75eb4d652a9821875a8ed04acc45fe3d3ef054ca69fb/orjson-3.10.15-cp310-cp310-musllinux_1_2_x86_64.whl", hash = "sha256:f95fb363d79366af56c3f26b71df40b9a583b07bbaaf5b317407c4d58497852e", size = 129715 },
    { url = "https://files.pythonhosted.org/packages/38/60/2272514061cbdf4d672edbca6e59c7e01cd1c706e881427d88f3c3e79761/orjson-3.10.15-cp310-cp310-win32.whl", hash = "sha256:f9875f5fea7492da8ec2444839dcc439b0ef298978f311103d0b7dfd775898ab", size = 142473 },
    { url = "https://files.pythonhosted.org/packages/11/5d/be1490ff7eafe7fef890eb4527cf5bcd8cfd6117f3efe42a3249ec847b60/orjson-3.10.15-cp310-cp310-win_amd64.whl", hash = "sha256:17085a6aa91e1cd70ca8533989a18b5433e15d29c574582f76f821737c8d5806", size = 133564 },
    { url = "https://files.pythonhosted.org/packages/7a/a2/21b25ce4a2c71dbb90948ee81bd7a42b4fbfc63162e57faf83157d5540ae/orjson-3.10.15-cp311-cp311-macosx_10_15_x86_64.macosx_11_0_arm64.macosx_10_15_universal2.whl", hash = "sha256:c4cc83960ab79a4031f3119cc4b1a1c627a3dc09df125b27c4201dff2af7eaa6", size = 249533 },
    { url = "https://files.pythonhosted.org/packages/b2/85/2076fc12d8225698a51278009726750c9c65c846eda741e77e1761cfef33/orjson-3.10.15-cp311-cp311-manylinux_2_17_aarch64.manylinux2014_aarch64.whl", hash = "sha256:ddbeef2481d895ab8be5185f2432c334d6dec1f5d1933a9c83014d188e102cef", size = 125230 },
    { url = "https://files.pythonhosted.org/packages/06/df/a85a7955f11274191eccf559e8481b2be74a7c6d43075d0a9506aa80284d/orjson-3.10.15-cp311-cp311-manylinux_2_17_armv7l.manylinux2014_armv7l.whl", hash = "sha256:9e590a0477b23ecd5b0ac865b1b907b01b3c5535f5e8a8f6ab0e503efb896334", size = 150148 },
    { url = "https://files.pythonhosted.org/packages/37/b3/94c55625a29b8767c0eed194cb000b3787e3c23b4cdd13be17bae6ccbb4b/orjson-3.10.15-cp311-cp311-manylinux_2_17_ppc64le.manylinux2014_ppc64le.whl", hash = "sha256:a6be38bd103d2fd9bdfa31c2720b23b5d47c6796bcb1d1b598e3924441b4298d", size = 139749 },
    { url = "https://files.pythonhosted.org/packages/53/ba/c608b1e719971e8ddac2379f290404c2e914cf8e976369bae3cad88768b1/orjson-3.10.15-cp311-cp311-manylinux_2_17_s390x.manylinux2014_s390x.whl", hash = "sha256:ff4f6edb1578960ed628a3b998fa54d78d9bb3e2eb2cfc5c2a09732431c678d0", size = 154558 },
    { url = "https://files.pythonhosted.org/packages/b2/c4/c1fb835bb23ad788a39aa9ebb8821d51b1c03588d9a9e4ca7de5b354fdd5/orjson-3.10.15-cp311-cp311-manylinux_2_17_x86_64.manylinux2014_x86_64.whl", hash = "sha256:b0482b21d0462eddd67e7fce10b89e0b6ac56570424662b685a0d6fccf581e13", size = 130349 },
    { url = "https://files.pythonhosted.org/packages/78/14/bb2b48b26ab3c570b284eb2157d98c1ef331a8397f6c8bd983b270467f5c/orjson-3.10.15-cp311-cp311-manylinux_2_5_i686.manylinux1_i686.whl", hash = "sha256:bb5cc3527036ae3d98b65e37b7986a918955f85332c1ee07f9d3f82f3a6899b5", size = 138513 },
    { url = "https://files.pythonhosted.org/packages/4a/97/d5b353a5fe532e92c46467aa37e637f81af8468aa894cd77d2ec8a12f99e/orjson-3.10.15-cp311-cp311-musllinux_1_2_aarch64.whl", hash = "sha256:d569c1c462912acdd119ccbf719cf7102ea2c67dd03b99edcb1a3048651ac96b", size = 130942 },
    { url = "https://files.pythonhosted.org/packages/b5/5d/a067bec55293cca48fea8b9928cfa84c623be0cce8141d47690e64a6ca12/orjson-3.10.15-cp311-cp311-musllinux_1_2_armv7l.whl", hash = "sha256:1e6d33efab6b71d67f22bf2962895d3dc6f82a6273a965fab762e64fa90dc399", size = 414717 },
    { url = "https://files.pythonhosted.org/packages/6f/9a/1485b8b05c6b4c4db172c438cf5db5dcfd10e72a9bc23c151a1137e763e0/orjson-3.10.15-cp311-cp311-musllinux_1_2_i686.whl", hash = "sha256:c33be3795e299f565681d69852ac8c1bc5c84863c0b0030b2b3468843be90388", size = 141033 },
    { url = "https://files.pythonhosted.org/packages/f8/d2/fc67523656e43a0c7eaeae9007c8b02e86076b15d591e9be11554d3d3138/orjson-3.10.15-cp311-cp311-musllinux_1_2_x86_64.whl", hash = "sha256:eea80037b9fae5339b214f59308ef0589fc06dc870578b7cce6d71eb2096764c", size = 129720 },
    { url = "https://files.pythonhosted.org/packages/79/42/f58c7bd4e5b54da2ce2ef0331a39ccbbaa7699b7f70206fbf06737c9ed7d/orjson-3.10.15-cp311-cp311-win32.whl", hash = "sha256:d5ac11b659fd798228a7adba3e37c010e0152b78b1982897020a8e019a94882e", size = 142473 },
    { url = "https://files.pythonhosted.org/packages/00/f8/bb60a4644287a544ec81df1699d5b965776bc9848d9029d9f9b3402ac8bb/orjson-3.10.15-cp311-cp311-win_amd64.whl", hash = "sha256:cf45e0214c593660339ef63e875f32ddd5aa3b4adc15e662cdb80dc49e194f8e", size = 133570 },
    { url = "https://files.pythonhosted.org/packages/66/85/22fe737188905a71afcc4bf7cc4c79cd7f5bbe9ed1fe0aac4ce4c33edc30/orjson-3.10.15-cp312-cp312-macosx_10_15_x86_64.macosx_11_0_arm64.macosx_10_15_universal2.whl", hash = "sha256:9d11c0714fc85bfcf36ada1179400862da3288fc785c30e8297844c867d7505a", size = 249504 },
    { url = "https://files.pythonhosted.org/packages/48/b7/2622b29f3afebe938a0a9037e184660379797d5fd5234e5998345d7a5b43/orjson-3.10.15-cp312-cp312-manylinux_2_17_aarch64.manylinux2014_aarch64.whl", hash = "sha256:dba5a1e85d554e3897fa9fe6fbcff2ed32d55008973ec9a2b992bd9a65d2352d", size = 125080 },
    { url = "https://files.pythonhosted.org/packages/ce/8f/0b72a48f4403d0b88b2a41450c535b3e8989e8a2d7800659a967efc7c115/orjson-3.10.15-cp312-cp312-manylinux_2_17_armv7l.manylinux2014_armv7l.whl", hash = "sha256:7723ad949a0ea502df656948ddd8b392780a5beaa4c3b5f97e525191b102fff0", size = 150121 },
    { url = "https://files.pythonhosted.org/packages/06/ec/acb1a20cd49edb2000be5a0404cd43e3c8aad219f376ac8c60b870518c03/orjson-3.10.15-cp312-cp312-manylinux_2_17_ppc64le.manylinux2014_ppc64le.whl", hash = "sha256:6fd9bc64421e9fe9bd88039e7ce8e58d4fead67ca88e3a4014b143cec7684fd4", size = 139796 },
    { url = "https://files.pythonhosted.org/packages/33/e1/f7840a2ea852114b23a52a1c0b2bea0a1ea22236efbcdb876402d799c423/orjson-3.10.15-cp312-cp312-manylinux_2_17_s390x.manylinux2014_s390x.whl", hash = "sha256:dadba0e7b6594216c214ef7894c4bd5f08d7c0135f4dd0145600be4fbcc16767", size = 154636 },
    { url = "https://files.pythonhosted.org/packages/fa/da/31543337febd043b8fa80a3b67de627669b88c7b128d9ad4cc2ece005b7a/orjson-3.10.15-cp312-cp312-manylinux_2_17_x86_64.manylinux2014_x86_64.whl", hash = "sha256:b48f59114fe318f33bbaee8ebeda696d8ccc94c9e90bc27dbe72153094e26f41", size = 130621 },
    { url = "https://files.pythonhosted.org/packages/ed/78/66115dc9afbc22496530d2139f2f4455698be444c7c2475cb48f657cefc9/orjson-3.10.15-cp312-cp312-manylinux_2_5_i686.manylinux1_i686.whl", hash = "sha256:035fb83585e0f15e076759b6fedaf0abb460d1765b6a36f48018a52858443514", size = 138516 },
    { url = "https://files.pythonhosted.org/packages/22/84/cd4f5fb5427ffcf823140957a47503076184cb1ce15bcc1165125c26c46c/orjson-3.10.15-cp312-cp312-musllinux_1_2_aarch64.whl", hash = "sha256:d13b7fe322d75bf84464b075eafd8e7dd9eae05649aa2a5354cfa32f43c59f17", size = 130762 },
    { url = "https://files.pythonhosted.org/packages/93/1f/67596b711ba9f56dd75d73b60089c5c92057f1130bb3a25a0f53fb9a583b/orjson-3.10.15-cp312-cp312-musllinux_1_2_armv7l.whl", hash = "sha256:7066b74f9f259849629e0d04db6609db4cf5b973248f455ba5d3bd58a4daaa5b", size = 414700 },
    { url = "https://files.pythonhosted.org/packages/7c/0c/6a3b3271b46443d90efb713c3e4fe83fa8cd71cda0d11a0f69a03f437c6e/orjson-3.10.15-cp312-cp312-musllinux_1_2_i686.whl", hash = "sha256:88dc3f65a026bd3175eb157fea994fca6ac7c4c8579fc5a86fc2114ad05705b7", size = 141077 },
    { url = "https://files.pythonhosted.org/packages/3b/9b/33c58e0bfc788995eccd0d525ecd6b84b40d7ed182dd0751cd4c1322ac62/orjson-3.10.15-cp312-cp312-musllinux_1_2_x86_64.whl", hash = "sha256:b342567e5465bd99faa559507fe45e33fc76b9fb868a63f1642c6bc0735ad02a", size = 129898 },
    { url = "https://files.pythonhosted.org/packages/01/c1/d577ecd2e9fa393366a1ea0a9267f6510d86e6c4bb1cdfb9877104cac44c/orjson-3.10.15-cp312-cp312-win32.whl", hash = "sha256:0a4f27ea5617828e6b58922fdbec67b0aa4bb844e2d363b9244c47fa2180e665", size = 142566 },
    { url = "https://files.pythonhosted.org/packages/ed/eb/a85317ee1732d1034b92d56f89f1de4d7bf7904f5c8fb9dcdd5b1c83917f/orjson-3.10.15-cp312-cp312-win_amd64.whl", hash = "sha256:ef5b87e7aa9545ddadd2309efe6824bd3dd64ac101c15dae0f2f597911d46eaa", size = 133732 },
    { url = "https://files.pythonhosted.org/packages/06/10/fe7d60b8da538e8d3d3721f08c1b7bff0491e8fa4dd3bf11a17e34f4730e/orjson-3.10.15-cp313-cp313-macosx_10_15_x86_64.macosx_11_0_arm64.macosx_10_15_universal2.whl", hash = "sha256:bae0e6ec2b7ba6895198cd981b7cca95d1487d0147c8ed751e5632ad16f031a6", size = 249399 },
    { url = "https://files.pythonhosted.org/packages/6b/83/52c356fd3a61abd829ae7e4366a6fe8e8863c825a60d7ac5156067516edf/orjson-3.10.15-cp313-cp313-manylinux_2_17_aarch64.manylinux2014_aarch64.whl", hash = "sha256:f93ce145b2db1252dd86af37d4165b6faa83072b46e3995ecc95d4b2301b725a", size = 125044 },
    { url = "https://files.pythonhosted.org/packages/55/b2/d06d5901408e7ded1a74c7c20d70e3a127057a6d21355f50c90c0f337913/orjson-3.10.15-cp313-cp313-manylinux_2_17_armv7l.manylinux2014_armv7l.whl", hash = "sha256:7c203f6f969210128af3acae0ef9ea6aab9782939f45f6fe02d05958fe761ef9", size = 150066 },
    { url = "https://files.pythonhosted.org/packages/75/8c/60c3106e08dc593a861755781c7c675a566445cc39558677d505878d879f/orjson-3.10.15-cp313-cp313-manylinux_2_17_ppc64le.manylinux2014_ppc64le.whl", hash = "sha256:8918719572d662e18b8af66aef699d8c21072e54b6c82a3f8f6404c1f5ccd5e0", size = 139737 },
    { url = "https://files.pythonhosted.org/packages/6a/8c/ae00d7d0ab8a4490b1efeb01ad4ab2f1982e69cc82490bf8093407718ff5/orjson-3.10.15-cp313-cp313-manylinux_2_17_s390x.manylinux2014_s390x.whl", hash = "sha256:f71eae9651465dff70aa80db92586ad5b92df46a9373ee55252109bb6b703307", size = 154804 },
    { url = "https://files.pythonhosted.org/packages/22/86/65dc69bd88b6dd254535310e97bc518aa50a39ef9c5a2a5d518e7a223710/orjson-3.10.15-cp313-cp313-manylinux_2_17_x86_64.manylinux2014_x86_64.whl", hash = "sha256:e117eb299a35f2634e25ed120c37c641398826c2f5a3d3cc39f5993b96171b9e", size = 130583 },
    { url = "https://files.pythonhosted.org/packages/bb/00/6fe01ededb05d52be42fabb13d93a36e51f1fd9be173bd95707d11a8a860/orjson-3.10.15-cp313-cp313-manylinux_2_5_i686.manylinux1_i686.whl", hash = "sha256:13242f12d295e83c2955756a574ddd6741c81e5b99f2bef8ed8d53e47a01e4b7", size = 138465 },
    { url = "https://files.pythonhosted.org/packages/db/2f/4cc151c4b471b0cdc8cb29d3eadbce5007eb0475d26fa26ed123dca93b33/orjson-3.10.15-cp313-cp313-musllinux_1_2_aarch64.whl", hash = "sha256:7946922ada8f3e0b7b958cc3eb22cfcf6c0df83d1fe5521b4a100103e3fa84c8", size = 130742 },
    { url = "https://files.pythonhosted.org/packages/9f/13/8a6109e4b477c518498ca37963d9c0eb1508b259725553fb53d53b20e2ea/orjson-3.10.15-cp313-cp313-musllinux_1_2_armv7l.whl", hash = "sha256:b7155eb1623347f0f22c38c9abdd738b287e39b9982e1da227503387b81b34ca", size = 414669 },
    { url = "https://files.pythonhosted.org/packages/22/7b/1d229d6d24644ed4d0a803de1b0e2df832032d5beda7346831c78191b5b2/orjson-3.10.15-cp313-cp313-musllinux_1_2_i686.whl", hash = "sha256:208beedfa807c922da4e81061dafa9c8489c6328934ca2a562efa707e049e561", size = 141043 },
    { url = "https://files.pythonhosted.org/packages/cc/d3/6dc91156cf12ed86bed383bcb942d84d23304a1e57b7ab030bf60ea130d6/orjson-3.10.15-cp313-cp313-musllinux_1_2_x86_64.whl", hash = "sha256:eca81f83b1b8c07449e1d6ff7074e82e3fd6777e588f1a6632127f286a968825", size = 129826 },
    { url = "https://files.pythonhosted.org/packages/b3/38/c47c25b86f6996f1343be721b6ea4367bc1c8bc0fc3f6bbcd995d18cb19d/orjson-3.10.15-cp313-cp313-win32.whl", hash = "sha256:c03cd6eea1bd3b949d0d007c8d57049aa2b39bd49f58b4b2af571a5d3833d890", size = 142542 },
    { url = "https://files.pythonhosted.org/packages/27/f1/1d7ec15b20f8ce9300bc850de1e059132b88990e46cd0ccac29cbf11e4f9/orjson-3.10.15-cp313-cp313-win_amd64.whl", hash = "sha256:fd56a26a04f6ba5fb2045b0acc487a63162a958ed837648c5781e1fe3316cfbf", size = 133444 },
    { url = "https://files.pythonhosted.org/packages/e8/93/7e826e2fe347bba393c60c3554a6966c09dc17613d7af2b6686348171ba9/orjson-3.10.15-cp38-cp38-macosx_10_15_x86_64.macosx_11_0_arm64.macosx_10_15_universal2.whl", hash = "sha256:5e8afd6200e12771467a1a44e5ad780614b86abb4b11862ec54861a82d677746", size = 249866 },
    { url = "https://files.pythonhosted.org/packages/6e/71/2d31ebc2f2da9249ce77dea6c31f2a7df2735fe6ec9a326096cbcc0448e9/orjson-3.10.15-cp38-cp38-manylinux_2_17_aarch64.manylinux2014_aarch64.whl", hash = "sha256:da9a18c500f19273e9e104cca8c1f0b40a6470bcccfc33afcc088045d0bf5ea6", size = 124917 },
    { url = "https://files.pythonhosted.org/packages/32/9d/5fabd50e13580aedf22c90b888d3c4f5d86f285d5e580f0b1b91801f0c68/orjson-3.10.15-cp38-cp38-manylinux_2_17_armv7l.manylinux2014_armv7l.whl", hash = "sha256:bb00b7bfbdf5d34a13180e4805d76b4567025da19a197645ca746fc2fb536586", size = 149921 },
    { url = "https://files.pythonhosted.org/packages/0f/6a/bd4226116560ab43cd439fa432d9ac1407efc7af80d1b70c36701818ff8b/orjson-3.10.15-cp38-cp38-manylinux_2_17_ppc64le.manylinux2014_ppc64le.whl", hash = "sha256:33aedc3d903378e257047fee506f11e0833146ca3e57a1a1fb0ddb789876c1e1", size = 139171 },
    { url = "https://files.pythonhosted.org/packages/3f/55/587ceaaaefd8d3faec3c4d0b2acdae1761b3a9e3ec928d836374b5a05c13/orjson-3.10.15-cp38-cp38-manylinux_2_17_s390x.manylinux2014_s390x.whl", hash = "sha256:dd0099ae6aed5eb1fc84c9eb72b95505a3df4267e6962eb93cdd5af03be71c98", size = 154203 },
    { url = "https://files.pythonhosted.org/packages/72/3c/2e26157d69d127c5663cdaa53a31860ca0df0a9a89ece81c81800ef99490/orjson-3.10.15-cp38-cp38-manylinux_2_17_x86_64.manylinux2014_x86_64.whl", hash = "sha256:7c864a80a2d467d7786274fce0e4f93ef2a7ca4ff31f7fc5634225aaa4e9e98c", size = 130068 },
    { url = "https://files.pythonhosted.org/packages/a7/93/37590ace084c984e127c7910e76d08ef34af558eee48e75765c0c99104a2/orjson-3.10.15-cp38-cp38-manylinux_2_5_i686.manylinux1_i686.whl", hash = "sha256:c25774c9e88a3e0013d7d1a6c8056926b607a61edd423b50eb5c88fd7f2823ae", size = 138099 },
    { url = "https://files.pythonhosted.org/packages/17/37/719d7f2d545aac188aa1f4d90d1de2d5d8e48bec39134b6b226ac7cc5d94/orjson-3.10.15-cp38-cp38-musllinux_1_2_aarch64.whl", hash = "sha256:e78c211d0074e783d824ce7bb85bf459f93a233eb67a5b5003498232ddfb0e8a", size = 130599 },
    { url = "https://files.pythonhosted.org/packages/ef/82/e6697f15f1c2303b575837904d25d3faf86d83fa3e3fabd113b4b8dff39a/orjson-3.10.15-cp38-cp38-musllinux_1_2_armv7l.whl", hash = "sha256:43e17289ffdbbac8f39243916c893d2ae41a2ea1a9cbb060a56a4d75286351ae", size = 414435 },
    { url = "https://files.pythonhosted.org/packages/b8/f1/51a2ec98822c474d0a24d0a9f490c94f22c9ced35665e106c8b4c89916ad/orjson-3.10.15-cp38-cp38-musllinux_1_2_i686.whl", hash = "sha256:781d54657063f361e89714293c095f506c533582ee40a426cb6489c48a637b81", size = 140676 },
    { url = "https://files.pythonhosted.org/packages/d2/fb/1d868dd8b364a7709cc15aa073bfa9727183a2c800bf07343baa00dd3d15/orjson-3.10.15-cp38-cp38-musllinux_1_2_x86_64.whl", hash = "sha256:6875210307d36c94873f553786a808af2788e362bd0cf4c8e66d976791e7b528", size = 129478 },
    { url = "https://files.pythonhosted.org/packages/13/1f/7f01afc23a7dee108baa31fbaa8e8d3f6b56b915201bf079c9586b37680a/orjson-3.10.15-cp38-cp38-win32.whl", hash = "sha256:305b38b2b8f8083cc3d618927d7f424349afce5975b316d33075ef0f73576b60", size = 142231 },
    { url = "https://files.pythonhosted.org/packages/72/78/11d6afa317d3c7ee3c35b3a70e91776bf60ea9f010b629cc40d4a00edde8/orjson-3.10.15-cp38-cp38-win_amd64.whl", hash = "sha256:5dd9ef1639878cc3efffed349543cbf9372bdbd79f478615a1c633fe4e4180d1", size = 133278 },
    { url = "https://files.pythonhosted.org/packages/56/39/b2123d8d98a62ee89626dc7ecb782d9b60a5edb0b5721bc894ee3470df5a/orjson-3.10.15-cp39-cp39-macosx_10_15_x86_64.macosx_11_0_arm64.macosx_10_15_universal2.whl", hash = "sha256:ffe19f3e8d68111e8644d4f4e267a069ca427926855582ff01fc012496d19969", size = 250031 },
    { url = "https://files.pythonhosted.org/packages/65/4d/a058dc6476713cbd5647e5fd0be8d40c27e9ed77d37a788b594c424caa0e/orjson-3.10.15-cp39-cp39-manylinux_2_17_aarch64.manylinux2014_aarch64.whl", hash = "sha256:d433bf32a363823863a96561a555227c18a522a8217a6f9400f00ddc70139ae2", size = 125021 },
    { url = "https://files.pythonhosted.org/packages/3d/cb/4d1450bb2c3276f8bf9524df6b01af4d01f55e9a9772555cf119275eb1d0/orjson-3.10.15-cp39-cp39-manylinux_2_17_armv7l.manylinux2014_armv7l.whl", hash = "sha256:da03392674f59a95d03fa5fb9fe3a160b0511ad84b7a3914699ea5a1b3a38da2", size = 149957 },
    { url = "https://files.pythonhosted.org/packages/93/7b/d1fae6d4393a9fa8f5d3fb173f0a9c778135569c50e5390811b74c45b4b3/orjson-3.10.15-cp39-cp39-manylinux_2_17_ppc64le.manylinux2014_ppc64le.whl", hash = "sha256:3a63bb41559b05360ded9132032239e47983a39b151af1201f07ec9370715c82", size = 139515 },
    { url = "https://files.pythonhosted.org/packages/7f/b2/e0c0b8197c709983093700f9a59aa64478d80edc55fe620bceadb92004e3/orjson-3.10.15-cp39-cp39-manylinux_2_17_s390x.manylinux2014_s390x.whl", hash = "sha256:3766ac4702f8f795ff3fa067968e806b4344af257011858cc3d6d8721588b53f", size = 154314 },
    { url = "https://files.pythonhosted.org/packages/db/94/eeb94ca3aa7564f753fe352101bcfc8179febaa1888f55ba3cad25b05f71/orjson-3.10.15-cp39-cp39-manylinux_2_17_x86_64.manylinux2014_x86_64.whl", hash = "sha256:7a1c73dcc8fadbd7c55802d9aa093b36878d34a3b3222c41052ce6b0fc65f8e8", size = 130145 },
    { url = "https://files.pythonhosted.org/packages/ca/10/54c0118a38eaa5ae832c27306834bdc13954bd0a443b80da63faebf17ffe/orjson-3.10.15-cp39-cp39-manylinux_2_5_i686.manylinux1_i686.whl", hash = "sha256:b299383825eafe642cbab34be762ccff9fd3408d72726a6b2a4506d410a71ab3", size = 138344 },
    { url = "https://files.pythonhosted.org/packages/78/87/3c15eeb315171aa27f96bcca87ed54ee292b72d755973a66e3a6800e8ae9/orjson-3.10.15-cp39-cp39-musllinux_1_2_aarch64.whl", hash = "sha256:abc7abecdbf67a173ef1316036ebbf54ce400ef2300b4e26a7b843bd446c2480", size = 130730 },
    { url = "https://files.pythonhosted.org/packages/8a/dc/522430fb24445b9cc8301a5954f80ce8ee244c5159ba913578acc36b078f/orjson-3.10.15-cp39-cp39-musllinux_1_2_armv7l.whl", hash = "sha256:3614ea508d522a621384c1d6639016a5a2e4f027f3e4a1c93a51867615d28829", size = 414482 },
    { url = "https://files.pythonhosted.org/packages/c8/01/83b2e80b9c96ca9753d06e01d325037b2f3e404b14c7a8e875b2f2b7c171/orjson-3.10.15-cp39-cp39-musllinux_1_2_i686.whl", hash = "sha256:295c70f9dc154307777ba30fe29ff15c1bcc9dfc5c48632f37d20a607e9ba85a", size = 140792 },
    { url = "https://files.pythonhosted.org/packages/96/40/f211084b0e0267b6b515f05967048d8957839d80ff534bde0dc7f9df9ae0/orjson-3.10.15-cp39-cp39-musllinux_1_2_x86_64.whl", hash = "sha256:63309e3ff924c62404923c80b9e2048c1f74ba4b615e7584584389ada50ed428", size = 129536 },
    { url = "https://files.pythonhosted.org/packages/b2/8c/014d96f5c6446adcd2403fe2d4007ff582f8867f5028b0cd994f0174d61c/orjson-3.10.15-cp39-cp39-win32.whl", hash = "sha256:a2f708c62d026fb5340788ba94a55c23df4e1869fec74be455e0b2f5363b8507", size = 142302 },
    { url = "https://files.pythonhosted.org/packages/47/bd/81da73ef8e66434c51a4ea7db45e3a0b62bff2c3e7ebc723aa4eeead2feb/orjson-3.10.15-cp39-cp39-win_amd64.whl", hash = "sha256:efcf6c735c3d22ef60c4aa27a5238f1a477df85e9b15f2142f9d669beb2d13fd", size = 133401 },
]

[[package]]
name = "oxapy"
version = "0.3.0"
source = { registry = "https://pypi.org/simple" }
dependencies = [
    { name = "orjson" },
]
sdist = { url = "https://files.pythonhosted.org/packages/37/f0/03261e007bb8df23bbc05d5eb89f298b9ad5fe6f2386e61a8a0d9efa4bb8/oxapy-0.3.0.tar.gz", hash = "sha256:61fb35114d9dd3fc2fab2e58b7fece6ff69c2ebd7c872243cf43947b75da567e", size = 19269 }
wheels = [
    { url = "https://files.pythonhosted.org/packages/38/79/805426d3a01992b5f918435c64e307303d47376445f7ee190a461d8fc69a/oxapy-0.3.0-cp310-cp310-manylinux_2_17_aarch64.manylinux2014_aarch64.whl", hash = "sha256:b6fd0dc78bace4a135f9f79b53137d0309487f9fd3928d8d5ad28126548116b5", size = 874473 },
    { url = "https://files.pythonhosted.org/packages/28/cf/24885ed4d827590719dd3e7f05dab75974edbcc25475544be60c4b54e0db/oxapy-0.3.0-cp310-cp310-manylinux_2_17_armv7l.manylinux2014_armv7l.whl", hash = "sha256:89a32c1c3d48a72b438640e5b8d7c295bb4cf29ca1c3ddbd933cf7054bf56214", size = 867589 },
    { url = "https://files.pythonhosted.org/packages/b1/d0/49e21f502ae1a14a586fc500b98d47d964129a800fb1f1ded5d7857a1794/oxapy-0.3.0-cp310-cp310-manylinux_2_17_ppc64le.manylinux2014_ppc64le.whl", hash = "sha256:6b6ad6dee7f026e5321fa18ba09b48fd0538f31d5ded9a1e5085cf237ceec341", size = 963921 },
    { url = "https://files.pythonhosted.org/packages/29/c2/a13195f1126b316de78947973ea479e1ab2f1a878639868d3ed3356f05fa/oxapy-0.3.0-cp310-cp310-manylinux_2_17_s390x.manylinux2014_s390x.whl", hash = "sha256:0c3edc9fc053dc1fe0f76a8a0e3fe52cb4b42ae95d0a669184cb66e8cfde5512", size = 979867 },
    { url = "https://files.pythonhosted.org/packages/37/4a/471753e51103ec088c8a6cb1aabd2138d01ae63b5a5f635296434d4b999c/oxapy-0.3.0-cp310-cp310-manylinux_2_17_x86_64.manylinux2014_x86_64.whl", hash = "sha256:121a0c7712e62a887aadc3c5d514ca6868066cd7012bb42f33291143713e9758", size = 866959 },
    { url = "https://files.pythonhosted.org/packages/65/85/00168b831b1c2a6aa2412278e3e739aaa80c93e30992f471db2e6203762c/oxapy-0.3.0-cp310-cp310-musllinux_1_2_aarch64.whl", hash = "sha256:fd0d61a390dd9608f6dea1399eb8bf135b53b069d5842b7d098ceb0fcda915c4", size = 1039229 },
    { url = "https://files.pythonhosted.org/packages/7c/0e/19ad0064d20040c7900f35e70b545874af5e9b68c19222104c0a7778731c/oxapy-0.3.0-cp310-cp310-musllinux_1_2_armv7l.whl", hash = "sha256:f9fecf4218a1982ec830456879911b19af9c0b76ee7d0561345c90e65cdae847", size = 1129962 },
    { url = "https://files.pythonhosted.org/packages/8c/ef/42e8919c5b3195bcdcc104ebb842faaa8331936992112bfa6a68af8de413/oxapy-0.3.0-cp310-cp310-musllinux_1_2_i686.whl", hash = "sha256:b597a20235ca644a4daa1f58cd5e724f33567d7fc5c588f34eff46497777e0ed", size = 1086267 },
    { url = "https://files.pythonhosted.org/packages/82/fe/959acb18486e79fee23a2bf4e22af7e56d8c59f2987f27f3455a92d2bee5/oxapy-0.3.0-cp310-cp310-musllinux_1_2_x86_64.whl", hash = "sha256:0929fb186b985cb289ecffe5e7457e012acbea90bfa5b4d59d2d1799ba24b407", size = 1038427 },
    { url = "https://files.pythonhosted.org/packages/79/61/fd5eb8d455e43c63b1e2b9aaa45d63437069bbf4db0bc672dfd7d3f927f5/oxapy-0.3.0-cp310-cp310-win_amd64.whl", hash = "sha256:2f153793159284e9790895682b619cf0033ad3df4134bbb9955ac62e3b8ad456", size = 614310 },
    { url = "https://files.pythonhosted.org/packages/b5/a6/beca504797791386de81a5169cc1f6ac99a1580c8485ebb642796366ff49/oxapy-0.3.0-cp311-cp311-macosx_10_12_x86_64.whl", hash = "sha256:17db5358c924ac3aef69789fa4db04672e69134fd130f63ce78406498c2e3932", size = 800372 },
    { url = "https://files.pythonhosted.org/packages/ad/af/f618a4755aaf931ae42e0faaa4317b4d89ef9765471c1144f94f898fe591/oxapy-0.3.0-cp311-cp311-macosx_11_0_arm64.whl", hash = "sha256:d2c6da4bed4406e4bc1dea713cf9072c11429a219245022d10c2cdbae1081480", size = 787594 },
    { url = "https://files.pythonhosted.org/packages/6c/f8/4d154812cf23416e1c02df0cb406f26d44f5ab22e412dae2604b902f4220/oxapy-0.3.0-cp311-cp311-manylinux_2_17_aarch64.manylinux2014_aarch64.whl", hash = "sha256:e95b674a1dcd9a0e1b584d096880cc757be3d76f1b80f6d540a417d2e0ebf41f", size = 874471 },
    { url = "https://files.pythonhosted.org/packages/a2/e1/48b792e6a64419e5f5e6b4438ef235adb3937c5a1ba6c402fd16732340ca/oxapy-0.3.0-cp311-cp311-manylinux_2_17_armv7l.manylinux2014_armv7l.whl", hash = "sha256:fdd8a278d1f1c99eea5a998f40b02cdb3893af29a0683ed50b1b2ca46fbde7ae", size = 867739 },
    { url = "https://files.pythonhosted.org/packages/90/c9/665273c070454abe176a1623dd8f7ca0436d77a636382083e54c00d4e58f/oxapy-0.3.0-cp311-cp311-manylinux_2_17_ppc64le.manylinux2014_ppc64le.whl", hash = "sha256:485aa58ed79032bdea418846b0f36965085d2083dcb8d7eee66f49145eb18c06", size = 964460 },
    { url = "https://files.pythonhosted.org/packages/a9/d3/c574ca99675c6cbdccb4b71d39df5f883650429cd1cea15f2f16994d5097/oxapy-0.3.0-cp311-cp311-manylinux_2_17_s390x.manylinux2014_s390x.whl", hash = "sha256:7fe46e5b17269546d40d861fede2c7ff3451aab68a7d4937841e60b1e0df9154", size = 977815 },
    { url = "https://files.pythonhosted.org/packages/81/51/d74b342eaf28817622f725b45c330c9190c3da248dbff46aa090804b2280/oxapy-0.3.0-cp311-cp311-manylinux_2_17_x86_64.manylinux2014_x86_64.whl", hash = "sha256:709f8f49331d9b373d852209dfb64a7fd57bc8d5e3795923cb0b597ac099f8ae", size = 866866 },
    { url = "https://files.pythonhosted.org/packages/2a/29/30b6303f6ecdd1eae3664585ddea72cbfc1c8d8fe72c8aee5f6a511c8bbe/oxapy-0.3.0-cp311-cp311-musllinux_1_2_aarch64.whl", hash = "sha256:f46664022bc3769f1128b67a4d0b349a7f695726ab0122c83d0b5936a084d938", size = 1039190 },
    { url = "https://files.pythonhosted.org/packages/34/18/685224e054a27b32f1af1b991d405b536599a1a83c9404cd29bece45a9be/oxapy-0.3.0-cp311-cp311-musllinux_1_2_armv7l.whl", hash = "sha256:b81a2e5d3e9ddca12b5f9b784fa325ef6a5aebd305faf7ec9ff9e809d150fe98", size = 1130344 },
    { url = "https://files.pythonhosted.org/packages/44/80/a9249e51586fd7d6ebf71b1fc15009b8bc3cc61f60e5718d3a1c66519f15/oxapy-0.3.0-cp311-cp311-musllinux_1_2_i686.whl", hash = "sha256:d086e760ee868757553961e35412fa9c1fadac031e37d9910d81818d5590d02c", size = 1084457 },
    { url = "https://files.pythonhosted.org/packages/34/74/973bf1bbeb32077252e2a3f621e305aebbc58c0b4288a3951109544a72d4/oxapy-0.3.0-cp311-cp311-musllinux_1_2_x86_64.whl", hash = "sha256:97724ffc3c6414f0c0275feb921d85d34ce43f09d0ff9711b62fff61f50d6312", size = 1038268 },
    { url = "https://files.pythonhosted.org/packages/0d/c0/ed2056c167f7a5d1cee3ea0381b75e8ba512acd185feb675c002b7545f2b/oxapy-0.3.0-cp311-cp311-win_amd64.whl", hash = "sha256:4c02fe9d3f6baded5d60e2f0cbf9821fb0e32509e1f879c5267f64c59f1f9e71", size = 614348 },
    { url = "https://files.pythonhosted.org/packages/c8/82/5f4c6c845e47335875f6c2fd2d55c4658f410062ee4ea6ae2145574c72eb/oxapy-0.3.0-cp312-cp312-macosx_10_12_x86_64.whl", hash = "sha256:d21794155a8e555d7e7114c46fa8f1de382314f03349f4f96825cfdc3f096aa4", size = 795387 },
    { url = "https://files.pythonhosted.org/packages/d1/33/d74ef77070d9915f64061720c61562160880d93b1a98a9957899206f27b5/oxapy-0.3.0-cp312-cp312-macosx_11_0_arm64.whl", hash = "sha256:7dd5d856f7ac01a73fd3e09abc3e4a0df56bf3ccbcdd73b3b1aa9e9a361316ad", size = 787163 },
    { url = "https://files.pythonhosted.org/packages/48/63/c723483b3305251bafe47a23113f751279329ebc00cc75bb8abca8e04470/oxapy-0.3.0-cp312-cp312-manylinux_2_17_aarch64.manylinux2014_aarch64.whl", hash = "sha256:5caab94284a2873f685e477e044683be37e0ae9b190241e24948a04761462705", size = 871290 },
    { url = "https://files.pythonhosted.org/packages/7e/5a/7e157d04647d1a1f930d60572974a8937ba4d3da43aa3fae5a236f682d3d/oxapy-0.3.0-cp312-cp312-manylinux_2_17_armv7l.manylinux2014_armv7l.whl", hash = "sha256:c3f162d0f22694b162957c928a7df6f3a9ba986f82b20e7e9b26f3fe6d41e1dd", size = 867630 },
    { url = "https://files.pythonhosted.org/packages/73/7e/5cf8e0829a3eeb31ad3da71583c57ca6d2767983cda1661618229918bb31/oxapy-0.3.0-cp312-cp312-manylinux_2_17_ppc64le.manylinux2014_ppc64le.whl", hash = "sha256:e7eda13b20faab24ed4cffcb3a39f6dfdc8993cbd07c4dc74c22ab6efc760f15", size = 961014 },
    { url = "https://files.pythonhosted.org/packages/7e/26/3e78c1e42781fff6c6d093c869587278b4d81f04b4a44c823da1d6895590/oxapy-0.3.0-cp312-cp312-manylinux_2_17_s390x.manylinux2014_s390x.whl", hash = "sha256:3fef346d36527d63846fcf17b2a21956976d7da43d3c9576e1622e3bcf62e9dd", size = 977209 },
    { url = "https://files.pythonhosted.org/packages/06/d2/7e0f04aa0c7609f368faac85cfb62a2e7f052b40eee40d4146b6d5abe29b/oxapy-0.3.0-cp312-cp312-manylinux_2_17_x86_64.manylinux2014_x86_64.whl", hash = "sha256:879e464881b08f7ce30b62f3f1e0fe221898ae2349fbce3a0f9be6329f4f85dd", size = 864787 },
    { url = "https://files.pythonhosted.org/packages/ee/63/c6d25553bb695c1a4ba02a4a4306d0864d117af05d6c8e61f181d61f70de/oxapy-0.3.0-cp312-cp312-musllinux_1_2_aarch64.whl", hash = "sha256:355dd049481d33352b152f9df5ed395d0f0af8c0cbc636ec7253a5cc3285f609", size = 1037637 },
    { url = "https://files.pythonhosted.org/packages/47/cd/329a7630e29292f9e19e207ff0b2b4481524e2391d1e88c382f54dca8b87/oxapy-0.3.0-cp312-cp312-musllinux_1_2_armv7l.whl", hash = "sha256:e2813da3c47f4999ea1dece7e747a3d7da2ffc08618506883b0cf084f1050a53", size = 1130040 },
    { url = "https://files.pythonhosted.org/packages/a6/dd/1059a68326636fef3019f7603166f9c9337c9cbd01f2189cb632c687d737/oxapy-0.3.0-cp312-cp312-musllinux_1_2_i686.whl", hash = "sha256:4349d2af557dfb2744a9a450e3d7b6c702f435aeb6728f77879cc6415a23c17c", size = 1084804 },
    { url = "https://files.pythonhosted.org/packages/d6/d5/3fa25f1d822bd03b9aeafb02342cfd1b8a4eb44330be41eb2ebdca59ecc5/oxapy-0.3.0-cp312-cp312-musllinux_1_2_x86_64.whl", hash = "sha256:42ed16c89d9c58c64139ba676517015386476fa4365ab15b247c25d43c3b73d0", size = 1036802 },
    { url = "https://files.pythonhosted.org/packages/ae/35/eaf65ec2f6e5a34bc51a150a9b45bf0ff1b8743ae7d17fbee6a70f823789/oxapy-0.3.0-cp312-cp312-win_amd64.whl", hash = "sha256:d5cfb1cbaec069f55a03221129b4eef46b4bacd634d7789aba096622ebccfb81", size = 613643 },
    { url = "https://files.pythonhosted.org/packages/eb/4c/569891ec75cb98ca86296813e3b03e220083c3f092256e71f2bf6b57d896/oxapy-0.3.0-cp313-cp313-macosx_10_12_x86_64.whl", hash = "sha256:e31c3799fa0bb4ec751c238cdaaf52cef128b697d0793ffe918ca31ec75c6038", size = 794784 },
    { url = "https://files.pythonhosted.org/packages/0c/1f/305392381eac530df7229cd2cd65dec8e80d10bc9976baa5a2a832afba18/oxapy-0.3.0-cp313-cp313-macosx_11_0_arm64.whl", hash = "sha256:104f94e1ec3af486bb93b9359ea6d7154fca5c87c3916519329289d01a943b9c", size = 786436 },
    { url = "https://files.pythonhosted.org/packages/19/b1/fefebec7e8ea7a1fb64f2e33165f4c1fffc4bb2202a47edaeccb160b26f2/oxapy-0.3.0-cp313-cp313-manylinux_2_17_aarch64.manylinux2014_aarch64.whl", hash = "sha256:dcd682afb7b29b9fa144eddf0f19db7148ac7c7bebee580437deea8aea2d6ec0", size = 870743 },
    { url = "https://files.pythonhosted.org/packages/25/a8/30e9ac6ae762f6da3f857e2d14b73b89745ac3ed77043c6169622db3167d/oxapy-0.3.0-cp313-cp313-manylinux_2_17_armv7l.manylinux2014_armv7l.whl", hash = "sha256:4a06cba292774e59ee8da49cbfbc260163bc6e92f0775073da85373f10f9ef35", size = 866978 },
    { url = "https://files.pythonhosted.org/packages/27/28/ff76fe4f104273012c0ec6f1e729eb544e4b112c9df44baf8572fa2ed3a1/oxapy-0.3.0-cp313-cp313-manylinux_2_17_ppc64le.manylinux2014_ppc64le.whl", hash = "sha256:41ea2e50ebc566564d15440c1c9eb953e50ddc71b30f1ef39658defda67d664d", size = 960705 },
    { url = "https://files.pythonhosted.org/packages/ef/d4/30962f95b3b53ed55ad28a77df86e4edebad58e1fee47ff6707c8453ad92/oxapy-0.3.0-cp313-cp313-manylinux_2_17_s390x.manylinux2014_s390x.whl", hash = "sha256:c6dd75437099b199729ea730760ccde2aafcad6112cf83acef1dccebe1f7fd3a", size = 976577 },
    { url = "https://files.pythonhosted.org/packages/96/54/ce3a566ed3b8b38c60aa0961efcda1989bf805758e0324bf6eb62e825ad6/oxapy-0.3.0-cp313-cp313-manylinux_2_17_x86_64.manylinux2014_x86_64.whl", hash = "sha256:0e823cc1639cd6652da69cbf003e221dae556dd36bcae04fc288fe63a5e5ac9c", size = 864197 },
    { url = "https://files.pythonhosted.org/packages/f9/0f/263ef0ca1822af04a075ef897f9d26e1e9e628b1974672089c8d373e3b4e/oxapy-0.3.0-cp313-cp313-musllinux_1_2_aarch64.whl", hash = "sha256:fac9179999e6e7a56ada1f4907d067725d10fd4a467776332f3e4715de5437cf", size = 1037422 },
    { url = "https://files.pythonhosted.org/packages/66/09/76a5460af5b1179c179434f008f2bfccb06c4872127cc571e5198401e7c6/oxapy-0.3.0-cp313-cp313-musllinux_1_2_armv7l.whl", hash = "sha256:8b575739ede80ca9d2b4c590cc9f16837afd05c20c11b0a3b3fd5397e39cd83a", size = 1129472 },
    { url = "https://files.pythonhosted.org/packages/a0/90/15c591cc0f64ad649278f97c0b7bc38b879b5daeb55972bb6e83d8dbd88a/oxapy-0.3.0-cp313-cp313-musllinux_1_2_i686.whl", hash = "sha256:6453d68c58be3e84e777108506afb9bb87175d7af6f20c71e7ceebdf74103839", size = 1084061 },
    { url = "https://files.pythonhosted.org/packages/dc/9e/1f6b47c0cf8f67b28546339274fed071a46de48cfa4a352c8dbd46e3455e/oxapy-0.3.0-cp313-cp313-musllinux_1_2_x86_64.whl", hash = "sha256:31f20602a487d61671071f3666f6757f9534e50703aa521a7138a802c025c1b2", size = 1036046 },
    { url = "https://files.pythonhosted.org/packages/db/24/ebb4eb550d597826c8aab75c473d4d4dbb92f29f30a91b18e317f890d19f/oxapy-0.3.0-cp313-cp313-win_amd64.whl", hash = "sha256:f8637058bb7fcb3347911a665c8113f4f1627bb126235f7721d1378ac70e1dc9", size = 613019 },
    { url = "https://files.pythonhosted.org/packages/82/d0/bc561acef19527b7e7e187a5fbe6358c9a5dfc1c01ed7a081c9d8b31b891/oxapy-0.3.0-cp313-cp313t-manylinux_2_17_aarch64.manylinux2014_aarch64.whl", hash = "sha256:4f0afe8344eb70e3956deb0fe87fa3038d5a10aaf509f400d8b91248b3858295", size = 868279 },
    { url = "https://files.pythonhosted.org/packages/e1/6f/ecf89d84569f93ff061d16121824f98420738e8bd1fe4f45ce19f12eb3fc/oxapy-0.3.0-cp313-cp313t-manylinux_2_17_armv7l.manylinux2014_armv7l.whl", hash = "sha256:57c5db33709fa28a54bff43bd84cb9a5222baeab42f0ccb5586db49dd1324772", size = 865036 },
    { url = "https://files.pythonhosted.org/packages/4b/3f/57d7bd19f18b1429024cd18659f0c0054192d4b920e28c844997b41834af/oxapy-0.3.0-cp313-cp313t-manylinux_2_17_ppc64le.manylinux2014_ppc64le.whl", hash = "sha256:4fb18e50c25becf487495759309b45d8ab1b697ba7265def1a8be017d70ebe83", size = 961295 },
    { url = "https://files.pythonhosted.org/packages/a6/56/9ece8cc086407beec1094e1cb6ee9e75d32eeb5059943d60963b36a470fc/oxapy-0.3.0-cp313-cp313t-manylinux_2_17_s390x.manylinux2014_s390x.whl", hash = "sha256:89998f34f41091408c249d5ab181a98a2eb400397812c72dfe3b43c7fea7e0ac", size = 972959 },
    { url = "https://files.pythonhosted.org/packages/61/8e/4c668d59d49f6ecf266fe9aa7ba6b5e5838d4e3f27292bb49af0d4b8b724/oxapy-0.3.0-cp313-cp313t-musllinux_1_2_aarch64.whl", hash = "sha256:dab4ff43285d093d2b9fa82591e126d09df5117ab4a2eb3a054e7ae0509b0e7a", size = 1036397 },
    { url = "https://files.pythonhosted.org/packages/87/38/c8dd70d3025ca0ef291564dcf92271b8f7bfc95cc2cabf8c4ea72e7fb828/oxapy-0.3.0-cp313-cp313t-musllinux_1_2_armv7l.whl", hash = "sha256:d368f5903d72d2195f0f6972466471c24f3f12f128f46c6edc97826c2765044e", size = 1128068 },
    { url = "https://files.pythonhosted.org/packages/67/4f/44d61255baf01d0070c248d3a024d53710bf851680f6e887937f71b3b6f7/oxapy-0.3.0-cp313-cp313t-musllinux_1_2_i686.whl", hash = "sha256:376cf2c1dfaec942019fdd788bd5af8a87e7aa61bbdb350d19d536d5727f9f65", size = 1082503 },
    { url = "https://files.pythonhosted.org/packages/50/04/20bc6744fec23a61754feff0a4876fb31f0d93741e103d97c73cf6d3d06e/oxapy-0.3.0-cp313-cp313t-musllinux_1_2_x86_64.whl", hash = "sha256:239528da2e25fc81f2417e61f66c84127f38d732b0cc47d91fe3ca3d3ed4b902", size = 1036691 },
    { url = "https://files.pythonhosted.org/packages/a8/af/cf38fd7b3555189ab6d5f4d02f0a461317c16c86b06e8ee1b895769b5cdd/oxapy-0.3.0-cp38-cp38-manylinux_2_17_aarch64.manylinux2014_aarch64.whl", hash = "sha256:0e7d4a4f67f35dd4915d9ccc9fdc535d78a4cb6e1c3d7980f23feef5b53ee286", size = 875294 },
    { url = "https://files.pythonhosted.org/packages/c8/2c/a59c1e7dd71f815cd8acd2edda4a367880ea1ec9e37b9d2da840a10456f9/oxapy-0.3.0-cp38-cp38-manylinux_2_17_armv7l.manylinux2014_armv7l.whl", hash = "sha256:70acb37ef9c5b17d07904438901d1e002faef923a761d88e993db61aa643eb05", size = 868396 },
    { url = "https://files.pythonhosted.org/packages/4a/5f/17dfffe345c73705e695376b55f99ca6c4c8c9e954e5329d476316efb283/oxapy-0.3.0-cp38-cp38-manylinux_2_17_ppc64le.manylinux2014_ppc64le.whl", hash = "sha256:b1b454f4a8bcf4e9bb5aad5902b15c0203bf6f58365a7130b98c53c42bb8d513", size = 965551 },
    { url = "https://files.pythonhosted.org/packages/c6/3f/30faba907bc2a6d508f26a6d3de16ca5d9d789e8b2991bb0847978f6900f/oxapy-0.3.0-cp38-cp38-manylinux_2_17_s390x.manylinux2014_s390x.whl", hash = "sha256:8e3e2b977da908c0fb475ec18f891f76c8c344dee258b29b3de6f76d708ff24c", size = 981128 },
    { url = "https://files.pythonhosted.org/packages/57/be/02605735d4ca12142c0af6a989202092e43cc887021a22d8fee2691579be/oxapy-0.3.0-cp38-cp38-manylinux_2_17_x86_64.manylinux2014_x86_64.whl", hash = "sha256:44f8f3fe7b08499344f892f59912c30d526434a506436197cc8e0f060941caec", size = 868151 },
    { url = "https://files.pythonhosted.org/packages/6c/66/a852b2eeb25456593265b83b40a83e705069acc7e8862630782824be5fca/oxapy-0.3.0-cp38-cp38-musllinux_1_2_aarch64.whl", hash = "sha256:e906f7959479e096d3bab627ae65330ee038853aa4fedb157739fba497be18d0", size = 1040218 },
    { url = "https://files.pythonhosted.org/packages/9d/b2/e1894a4af49e92cb1c8fee061d1885af7ec0ae051ef5ee064586eedf034a/oxapy-0.3.0-cp38-cp38-musllinux_1_2_armv7l.whl", hash = "sha256:0ac065f0e91f7ba44631dfca09a864f7f8d495f71c4b28bba60320cc8471b4c7", size = 1131083 },
    { url = "https://files.pythonhosted.org/packages/dd/07/2677494942784f30768fbee002331ee73f49327417d20db15f99b235bc05/oxapy-0.3.0-cp38-cp38-musllinux_1_2_i686.whl", hash = "sha256:b1d31addab97048175a5142963636da8b6f276a60a93527f9f638b4fd22f3931", size = 1087140 },
    { url = "https://files.pythonhosted.org/packages/83/93/21d9f0c893374ea8f81a7f1ba1bfb950529b72660986a8fb7f9aff9d9482/oxapy-0.3.0-cp38-cp38-musllinux_1_2_x86_64.whl", hash = "sha256:a39c1f91b43c0832ad951d34e1aa3d1b3e9679d5689b05913431248a394764ca", size = 1039010 },
    { url = "https://files.pythonhosted.org/packages/49/30/9973f949d9c3db9e76ea253e18c24303f88a7a34d52163c431ab14802618/oxapy-0.3.0-cp38-cp38-win_amd64.whl", hash = "sha256:3b1f2ab89f111901d07a6a96b02d7cda4ae888ad186011a72a4bd41b2655321b", size = 614881 },
    { url = "https://files.pythonhosted.org/packages/f7/d9/8ff7a3c3f009949c9758fd10f4904976e33a6b4ef2c48767da2856f06aee/oxapy-0.3.0-cp39-cp39-manylinux_2_17_aarch64.manylinux2014_aarch64.whl", hash = "sha256:50e455e8896a385aba754fb0bf27af3d6f1e9bf0831454a2ac43316d509c40dc", size = 875612 },
    { url = "https://files.pythonhosted.org/packages/90/d5/e42371e1da0c9ce4b038c0d6ce92d4a4efa7aa17042c5b48f0a4f07d1861/oxapy-0.3.0-cp39-cp39-manylinux_2_17_armv7l.manylinux2014_armv7l.whl", hash = "sha256:4a1ac5173c0f1b7b314f9c883bedfa14808614f431bc8371e31e5147b47056e3", size = 868441 },
    { url = "https://files.pythonhosted.org/packages/7c/7a/b0604cb1570cb07441da902b44f36c25efe496c5fe7af965869260c855f3/oxapy-0.3.0-cp39-cp39-manylinux_2_17_ppc64le.manylinux2014_ppc64le.whl", hash = "sha256:62acb396a2b0c39e9d4bca78dde1c2287ff7c2c3af5de2431491b1723ea079cb", size = 965222 },
    { url = "https://files.pythonhosted.org/packages/f0/a2/df3d514422934a68d99ec9d99e02ef93cd3879623d03e1565795e31a3bda/oxapy-0.3.0-cp39-cp39-manylinux_2_17_s390x.manylinux2014_s390x.whl", hash = "sha256:4b41ffa8866911550f003f20167c094ed0e595f704d19ee5518d86f6414e5df6", size = 981671 },
    { url = "https://files.pythonhosted.org/packages/ff/2b/b4dc75bef9d65bde7d75454349b59d2faf586469d189843ddcfb5dfa9506/oxapy-0.3.0-cp39-cp39-manylinux_2_17_x86_64.manylinux2014_x86_64.whl", hash = "sha256:6e3433c436fbf1c4a0d4395b98c962172588576ce0894963cb3047833f6f78a6", size = 868402 },
    { url = "https://files.pythonhosted.org/packages/4d/ce/6bebc9ec490e859805970f05cf68f4dbe32bd0454bc7a02bbdd90f5ac428/oxapy-0.3.0-cp39-cp39-musllinux_1_2_aarch64.whl", hash = "sha256:ffdb01f363403315a62566a9d9236af9adcf0f96639561d0d8db043956cd6007", size = 1040525 },
    { url = "https://files.pythonhosted.org/packages/13/68/d8846f7dfe92dbf664b2ea94f6e9faea5270b61f2e46a02c3b6bc97297b2/oxapy-0.3.0-cp39-cp39-musllinux_1_2_armv7l.whl", hash = "sha256:f358f824cbde68976be6d796543daae50ed5d21bfc8ea074725798b8fb2477b0", size = 1131105 },
    { url = "https://files.pythonhosted.org/packages/12/1d/829840da5474ac8d5557285b69dca6c4a35603ec418275a1af5539b60997/oxapy-0.3.0-cp39-cp39-musllinux_1_2_i686.whl", hash = "sha256:cdd9259f2649c405a896e7862863f587a220a18b490d699b2c881e7142d3160a", size = 1087439 },
    { url = "https://files.pythonhosted.org/packages/58/ed/68641563b7870a6dc9396b95dda3427cab49a1de7ceac3af3f34a19ef075/oxapy-0.3.0-cp39-cp39-musllinux_1_2_x86_64.whl", hash = "sha256:68b3735002c1d52695e05cb8bf8e6063e0a7572f5322b3fe6d10b7b678ff46fb", size = 1039545 },
    { url = "https://files.pythonhosted.org/packages/14/b9/a03af2737f54aa0f868eeae8ca38c4083f11d6a2898560af81c3541d1841/oxapy-0.3.0-cp39-cp39-win_amd64.whl", hash = "sha256:0fc35c8914493ab9662700eb3fe6376e550778910156dc596e43430c36600baf", size = 615224 },
    { url = "https://files.pythonhosted.org/packages/54/cd/56e342e59094c563636f62cc6ed4b1afdb0614fced0b96cc965174b3a4af/oxapy-0.3.0-pp310-pypy310_pp73-manylinux_2_17_aarch64.manylinux2014_aarch64.whl", hash = "sha256:3a363a438c0997e0e4a05c533938ac66e2bde110bb1da07161698d8c26febfa8", size = 877103 },
    { url = "https://files.pythonhosted.org/packages/cb/94/5b4885ffd06261cda4c50e2ccf882481b9dfbe9d4992076e033f71e258be/oxapy-0.3.0-pp310-pypy310_pp73-manylinux_2_17_armv7l.manylinux2014_armv7l.whl", hash = "sha256:5b0c2c0159c7bb4499ba1954d73d5418a198dff8804c42f5cdd329851c9736f5", size = 871114 },
    { url = "https://files.pythonhosted.org/packages/28/98/0482bbc495aadeea9c5c83be1f17268aa9053df1d51024c693929a437edf/oxapy-0.3.0-pp310-pypy310_pp73-manylinux_2_17_ppc64le.manylinux2014_ppc64le.whl", hash = "sha256:5959479d58735314b1534ac2f8e325768debada1de38191474e99de392491d17", size = 966018 },
    { url = "https://files.pythonhosted.org/packages/3e/a3/88ef9126379bfd71f5e3e3c4b068249da4a1e480d5ee66454a012ef6a222/oxapy-0.3.0-pp310-pypy310_pp73-manylinux_2_17_s390x.manylinux2014_s390x.whl", hash = "sha256:248edc3155d8fad8624a2d49940cf858bf71d3d6026c0351349c28be74983d51", size = 983579 },
    { url = "https://files.pythonhosted.org/packages/95/e0/31fd781b5a0c571b45b0bf0c878a10b33da5f4eb85c9d6422a1dd1316fd7/oxapy-0.3.0-pp310-pypy310_pp73-manylinux_2_17_x86_64.manylinux2014_x86_64.whl", hash = "sha256:e69a76b514bf4bb9cb9ef1aa6a89f60a9b3533c034fff8ebd1acbe4f732dc225", size = 869608 },
    { url = "https://files.pythonhosted.org/packages/50/5a/e3d772e445d56ee90063441e8359095d0f11444c33ef52e5e0b0eec9ffb1/oxapy-0.3.0-pp310-pypy310_pp73-musllinux_1_2_aarch64.whl", hash = "sha256:9d71e3673bdc849eafcc35bf75d4792ed48a912a06e8692c07e51b1267ee7c0a", size = 1041440 },
    { url = "https://files.pythonhosted.org/packages/87/48/a7d52240bb8e1fc1663e1deaccdca32800e6785a7d159a23a27df1571aae/oxapy-0.3.0-pp310-pypy310_pp73-musllinux_1_2_armv7l.whl", hash = "sha256:dfda4c6619d1ac4449a19a2ba079a8812ba54e11d8db1584c63272821a286b7d", size = 1134148 },
    { url = "https://files.pythonhosted.org/packages/ec/e0/eb8137720bf64540068f6e7a6fba81a5186be3778648f6f71c50b3b34a6c/oxapy-0.3.0-pp310-pypy310_pp73-musllinux_1_2_i686.whl", hash = "sha256:aca33aec293305b1ec7ef1cb6446629e8bdde5a85eda892dc2b90bd1b515b8da", size = 1084579 },
    { url = "https://files.pythonhosted.org/packages/00/2d/48c3cfc96675d7f6cddab057d4dae28ae9acc898ab8d30a448540c4ebb4f/oxapy-0.3.0-pp310-pypy310_pp73-musllinux_1_2_x86_64.whl", hash = "sha256:e9e4a8270e7b1bb83283d9a2d44528ac21ceb9cefaecf90afec263f3f3acb698", size = 1040118 },
    { url = "https://files.pythonhosted.org/packages/65/c5/db9062dc6c85ba45076d27e81e8bcfb7950987bdb5fcaaef829870c47ea5/oxapy-0.3.0-pp39-pypy39_pp73-manylinux_2_17_aarch64.manylinux2014_aarch64.whl", hash = "sha256:4591266a3bc0e14f1427e9f84f9c04d663252e3f5ed1b7ea61e710e4da6acee1", size = 878107 },
    { url = "https://files.pythonhosted.org/packages/5a/1d/e456ea502918b8ebc745cff2779418b3ffea1611c90e7c9d3e61a9f4e29c/oxapy-0.3.0-pp39-pypy39_pp73-manylinux_2_17_armv7l.manylinux2014_armv7l.whl", hash = "sha256:6004441e545d91e03c8ca9b856a0301481d9820aa2c75f916b03ce610e63a162", size = 871554 },
    { url = "https://files.pythonhosted.org/packages/5a/51/a0927c9a793b242a6145aa05828945899c7d0fd9dc333d3a735aac091af6/oxapy-0.3.0-pp39-pypy39_pp73-manylinux_2_17_ppc64le.manylinux2014_ppc64le.whl", hash = "sha256:eb89ff14ea728a96c085175eeada0dc1e96c39555d1616613e61d1684de00d29", size = 967066 },
    { url = "https://files.pythonhosted.org/packages/39/c6/e97a0a14cbd5711fbb2224f281fad9e95cf1c44f73648345221cf95b4b77/oxapy-0.3.0-pp39-pypy39_pp73-manylinux_2_17_s390x.manylinux2014_s390x.whl", hash = "sha256:56d1180f385c5cba74a856bef635a6800380c3d0315cf1d197f6efbc69d11050", size = 984813 },
    { url = "https://files.pythonhosted.org/packages/bd/74/66b6db1eaf271bcf5e0f6680a86f55682aec0ed7f7569c2b52a03b189a2c/oxapy-0.3.0-pp39-pypy39_pp73-musllinux_1_2_aarch64.whl", hash = "sha256:d6bd76adcdefca0d52bb3f9171095717fe750b7e654ce6bcaad93dd024feccb1", size = 1042629 },
    { url = "https://files.pythonhosted.org/packages/f6/94/c5b0493c40c36a2193d5238aa0cc52570f1bcbc372d0fe8f7997e0e0d8a9/oxapy-0.3.0-pp39-pypy39_pp73-musllinux_1_2_armv7l.whl", hash = "sha256:dbfe941b932a648b28aa7088cbbfd88c7ccf18a73c35de8f88e7e3f3f1c17d0e", size = 1134463 },
    { url = "https://files.pythonhosted.org/packages/a8/01/0cd547d92fab1be049f186766780f9fcf4e0691509e0bbba1c8aeca6b1d0/oxapy-0.3.0-pp39-pypy39_pp73-musllinux_1_2_i686.whl", hash = "sha256:57120b73dbb4535a1509879ac00811a2bcb53e9a847a5eb2c3f28780f6254ffa", size = 1085154 },
    { url = "https://files.pythonhosted.org/packages/92/4c/8acf678176e586c37b314648314df832424545bcd0953240f55c6ac0720d/oxapy-0.3.0-pp39-pypy39_pp73-musllinux_1_2_x86_64.whl", hash = "sha256:8aa93c100c24f2453546ef3d9dc0e395b7340083a0c2cb927ef44052c2013ede", size = 1040859 },
]
